
Microsoft Visual Studio Solution File, Format Version 11.00
# Visual Studio 2010
Project("{54435603-DBB4-11D2-8724-00A0C9A8B90C}") = "靠↏顨↏餐↏馰↏駸↏騌↏", "Reversi.Setup\Reversi.Setup.vdproj", "{801336D1-AA19-4F8C-AB10-92762162518F}"
EndProject
Project("{FAE04EC0-301F-11D3-BF4B-00C04F79EFBC}") = "UpdateControls.Correspondence.Factual", "UpdateControls.Correspondence.Factual\UpdateControls.Correspondence.Factual.csproj", "{5DE5E950-C19C-4588-80EC-5C60A50D352C}"
EndProject
Project("{FAE04EC0-301F-11D3-BF4B-00C04F79EFBC}") = "UpdateControls.Correspondence.Factual.UnitTest", "UpdateControls.Correspondence.Factual.UnitTest\UpdateControls.Correspondence.Factual.UnitTest.csproj", "{B1246571-0BC0-4B06-A5AE-6C3989E8903C}"
EndProject
Project("{FAE04EC0-301F-11D3-BF4B-00C04F79EFBC}") = "QEDCode.LLOne", "QEDCode.LLOne\QEDCode.LLOne.csproj", "{8F73580C-32E8-4AE6-BAAC-469DE4FEDF8F}"
EndProject
Project("{54435603-DBB4-11D2-8724-00A0C9A8B90C}") = "Correspondence.Setup", "Correspondence.Setup\Correspondence.Setup.vdproj", "{51624E7F-2AAB-40F9-9979-23695F20A7CC}"
EndProject
Project("{FAE04EC0-301F-11D3-BF4B-00C04F79EFBC}") = "Reversi.Model", "Reversi.Model\Reversi.Model.csproj", "{B6D2F677-390D-4D0E-8905-A840804FDFB5}"
EndProject
Project("{2150E333-8FDC-42A3-9474-1A3956D46DE8}") = "Silverlight 4", "Silverlight 4", "{B08999A9-59D8-4790-A084-515E40DDF472}"
EndProject
Project("{FAE04EC0-301F-11D3-BF4B-00C04F79EFBC}") = "UpdateControls.Correspondence", "Silverlight 4\UpdateControls.Correspondence\UpdateControls.Correspondence.csproj", "{5BAD4A23-8523-40C5-ACA5-D4004DCA02BD}"
EndProject
Project("{FAE04EC0-301F-11D3-BF4B-00C04F79EFBC}") = "UpdateControls.Correspondence.Memory", "Silverlight 4\UpdateControls.Correspondence.Memory\UpdateControls.Correspondence.Memory.csproj", "{B80E6DB6-E68C-4D4A-89AB-EE44FB452646}"
EndProject
Project("{2150E333-8FDC-42A3-9474-1A3956D46DE8}") = "Reversi", "Reversi", "{9ECDD7B1-F5CE-4DDA-A183-12EC6B0FD2A4}"
EndProject
Project("{FAE04EC0-301F-11D3-BF4B-00C04F79EFBC}") = "Reversi.Model", "Silverlight 4\Reversi\Reversi.Model\Reversi.Model.csproj", "{90511DF3-3151-447E-9C2E-1B3E11CD788C}"
EndProject
Project("{2150E333-8FDC-42A3-9474-1A3956D46DE8}") = "WP7", "WP7", "{B146C09F-B4E0-4740-AB5F-10FCA3AC4537}"
EndProject
Project("{FAE04EC0-301F-11D3-BF4B-00C04F79EFBC}") = "UpdateControls.Correspondence (WP7)", "WP7\UpdateControls.Correspondence (WP7)\UpdateControls.Correspondence (WP7).csproj", "{DE3FFB60-CADE-4679-A53E-0541F707EA95}"
EndProject
Project("{FAE04EC0-301F-11D3-BF4B-00C04F79EFBC}") = "UpdateControls.Correspondence.Memory (WP7)", "WP7\UpdateControls.Correspondence.Memory (WP7)\UpdateControls.Correspondence.Memory (WP7).csproj", "{D489015D-1272-4B18-BC26-645C720169F9}"
EndProject
Project("{FAE04EC0-301F-11D3-BF4B-00C04F79EFBC}") = "UpdateControls.Correspondence.WebServiceClient (WP7)", "WP7\UpdateControls.Correspondence.WebServiceClient (WP7)\UpdateControls.Correspondence.WebServiceClient (WP7).csproj", "{285D68FA-6CA3-4757-B330-DE4EDC5B0849}"
EndProject
Project("{FAE04EC0-301F-11D3-BF4B-00C04F79EFBC}") = "UpdateControls.Correspondence.IsolatedStorage (WP7)", "WP7\UpdateControls.Correspondence.IsolatedStorage (WP7)\UpdateControls.Correspondence.IsolatedStorage (WP7).csproj", "{80F0BD6B-2746-41B0-9CC0-ED8CDF1DA35B}"
EndProject
Project("{2150E333-8FDC-42A3-9474-1A3956D46DE8}") = "Desktop", "Desktop", "{689AA250-D66C-4C63-AD1F-D76050BA5D82}"
EndProject
Project("{FAE04EC0-301F-11D3-BF4B-00C04F79EFBC}") = "UpdateControls.Correspondence.Data", "Desktop\UpdateControls.Correspondence.Data\UpdateControls.Correspondence.Data.csproj", "{9638F018-26C5-4E6B-B355-F8E37F86D1C0}"
EndProject
Project("{FAE04EC0-301F-11D3-BF4B-00C04F79EFBC}") = "UpdateControls.Correspondence.Data.UnitTest", "Desktop\UpdateControls.Correspondence.Data.UnitTest\UpdateControls.Correspondence.Data.UnitTest.csproj", "{510D6813-AE9B-4F28-9B77-390F36DF958A}"
EndProject
Project("{FAE04EC0-301F-11D3-BF4B-00C04F79EFBC}") = "UpdateControls.Correspondence.IsolatedStorage.UnitTest (WP7)", "WP7\UpdateControls.Correspondence.IsolatedStorage.UnitTest\UpdateControls.Correspondence.IsolatedStorage.UnitTest (WP7).csproj", "{B4245EFD-8EEE-4D38-AA3A-F5D51516037C}"
EndProject
Project("{FAE04EC0-301F-11D3-BF4B-00C04F79EFBC}") = "UpdateControls.Correspondence.Data (WP7)", "wp7\UpdateControls.Correspondence.Data\UpdateControls.Correspondence.Data (WP7).csproj", "{426A7DF6-3C39-4125-9AD3-31D93208B269}"
EndProject
Global
	GlobalSection(TeamFoundationVersionControl) = preSolution
		SccNumberOfProjects = 18
		SccEnterpriseProvider = {4CA58AB2-18FA-4F8D-95D4-32DDF27D184C}
		SccTeamFoundationServer = https://tfs.codeplex.com/tfs/tfs10
		SccLocalPath0 = .
		SccProjectUniqueName1 = Reversi.Setup\\Reversi.Setup.vdproj
		SccProjectName1 = Reversi.Setup
		SccLocalPath1 = Reversi.Setup
		SccProjectUniqueName2 = UpdateControls.Correspondence.Factual\\UpdateControls.Correspondence.Factual.csproj
		SccProjectName2 = UpdateControls.Correspondence.Factual
		SccLocalPath2 = UpdateControls.Correspondence.Factual
		SccProjectUniqueName3 = UpdateControls.Correspondence.Factual.UnitTest\\UpdateControls.Correspondence.Factual.UnitTest.csproj
		SccProjectName3 = UpdateControls.Correspondence.Factual.UnitTest
		SccLocalPath3 = UpdateControls.Correspondence.Factual.UnitTest
		SccProjectUniqueName4 = QEDCode.LLOne\\QEDCode.LLOne.csproj
		SccProjectName4 = QEDCode.LLOne
		SccLocalPath4 = QEDCode.LLOne
		SccProjectUniqueName5 = Correspondence.Setup\\Correspondence.Setup.vdproj
		SccProjectName5 = Correspondence.Setup
		SccLocalPath5 = Correspondence.Setup
		SccProjectUniqueName6 = Reversi.Model\\Reversi.Model.csproj
		SccProjectName6 = Reversi.Model
		SccLocalPath6 = Reversi.Model
		SccProjectUniqueName7 = Silverlight\u00204\\UpdateControls.Correspondence\\UpdateControls.Correspondence.csproj
		SccProjectTopLevelParentUniqueName7 = Correspondence.sln
		SccProjectName7 = Silverlight\u00204/UpdateControls.Correspondence
		SccLocalPath7 = Silverlight\u00204\\UpdateControls.Correspondence
		SccProjectUniqueName8 = Silverlight\u00204\\UpdateControls.Correspondence.Memory\\UpdateControls.Correspondence.Memory.csproj
		SccProjectTopLevelParentUniqueName8 = Correspondence.sln
		SccProjectName8 = Silverlight\u00204/UpdateControls.Correspondence.Memory
		SccLocalPath8 = Silverlight\u00204\\UpdateControls.Correspondence.Memory
		SccProjectUniqueName9 = Silverlight\u00204\\Reversi\\Reversi.Model\\Reversi.Model.csproj
		SccProjectTopLevelParentUniqueName9 = Correspondence.sln
		SccProjectName9 = Silverlight\u00204/Reversi/Reversi.Model
		SccLocalPath9 = Silverlight\u00204\\Reversi\\Reversi.Model
		SccProjectUniqueName10 = WP7\\UpdateControls.Correspondence\u0020(WP7)\\UpdateControls.Correspondence\u0020(WP7).csproj
		SccProjectTopLevelParentUniqueName10 = Correspondence.sln
		SccProjectName10 = WP7/UpdateControls.Correspondence\u0020(WP7)
		SccLocalPath10 = WP7\\UpdateControls.Correspondence\u0020(WP7)
		SccProjectUniqueName11 = WP7\\UpdateControls.Correspondence.Memory\u0020(WP7)\\UpdateControls.Correspondence.Memory\u0020(WP7).csproj
		SccProjectTopLevelParentUniqueName11 = Correspondence.sln
		SccProjectName11 = WP7/UpdateControls.Correspondence.Memory\u0020(WP7)
		SccLocalPath11 = WP7\\UpdateControls.Correspondence.Memory\u0020(WP7)
		SccProjectUniqueName12 = WP7\\UpdateControls.Correspondence.WebServiceClient\u0020(WP7)\\UpdateControls.Correspondence.WebServiceClient\u0020(WP7).csproj
		SccProjectTopLevelParentUniqueName12 = Correspondence.sln
		SccProjectName12 = WP7/UpdateControls.Correspondence.WebServiceClient\u0020(WP7)
		SccLocalPath12 = WP7\\UpdateControls.Correspondence.WebServiceClient\u0020(WP7)
		SccProjectUniqueName13 = WP7\\UpdateControls.Correspondence.IsolatedStorage\u0020(WP7)\\UpdateControls.Correspondence.IsolatedStorage\u0020(WP7).csproj
		SccProjectTopLevelParentUniqueName13 = Correspondence.sln
		SccProjectName13 = WP7/UpdateControls.Correspondence.IsolatedStorage\u0020(WP7)
		SccLocalPath13 = WP7\\UpdateControls.Correspondence.IsolatedStorage\u0020(WP7)
		SccProjectUniqueName14 = Desktop\\UpdateControls.Correspondence.Data\\UpdateControls.Correspondence.Data.csproj
		SccProjectTopLevelParentUniqueName14 = Correspondence.sln
		SccProjectName14 = Desktop/UpdateControls.Correspondence.Data
		SccLocalPath14 = Desktop\\UpdateControls.Correspondence.Data
		SccProjectUniqueName15 = Desktop\\UpdateControls.Correspondence.Data.UnitTest\\UpdateControls.Correspondence.Data.UnitTest.csproj
		SccProjectTopLevelParentUniqueName15 = Correspondence.sln
		SccProjectName15 = Desktop/UpdateControls.Correspondence.Data.UnitTest
		SccLocalPath15 = Desktop\\UpdateControls.Correspondence.Data.UnitTest
		SccProjectUniqueName16 = WP7\\UpdateControls.Correspondence.IsolatedStorage.UnitTest\\UpdateControls.Correspondence.IsolatedStorage.UnitTest\u0020(WP7).csproj
		SccProjectTopLevelParentUniqueName16 = Correspondence.sln
		SccProjectName16 = WP7/UpdateControls.Correspondence.IsolatedStorage.UnitTest
		SccLocalPath16 = WP7\\UpdateControls.Correspondence.IsolatedStorage.UnitTest
		SccProjectUniqueName17 = wp7\\UpdateControls.Correspondence.Data\\UpdateControls.Correspondence.Data\u0020(WP7).csproj
		SccProjectTopLevelParentUniqueName17 = Correspondence.sln
		SccProjectName17 = wp7/UpdateControls.Correspondence.Data
		SccLocalPath17 = wp7\\UpdateControls.Correspondence.Data
	EndGlobalSection
	GlobalSection(TestCaseManagementSettings) = postSolution
		CategoryFile = Correspondence.vsmdi
	EndGlobalSection
	GlobalSection(SolutionConfigurationPlatforms) = preSolution
		Debug|Any CPU = Debug|Any CPU
		Release|Any CPU = Release|Any CPU
	EndGlobalSection
	GlobalSection(ProjectConfigurationPlatforms) = postSolution
		{801336D1-AA19-4F8C-AB10-92762162518F}.Debug|Any CPU.ActiveCfg = Debug
		{801336D1-AA19-4F8C-AB10-92762162518F}.Release|Any CPU.ActiveCfg = Release
		{5DE5E950-C19C-4588-80EC-5C60A50D352C}.Debug|Any CPU.ActiveCfg = Debug|Any CPU
		{5DE5E950-C19C-4588-80EC-5C60A50D352C}.Debug|Any CPU.Build.0 = Debug|Any CPU
		{5DE5E950-C19C-4588-80EC-5C60A50D352C}.Release|Any CPU.ActiveCfg = Release|Any CPU
		{5DE5E950-C19C-4588-80EC-5C60A50D352C}.Release|Any CPU.Build.0 = Release|Any CPU
		{B1246571-0BC0-4B06-A5AE-6C3989E8903C}.Debug|Any CPU.ActiveCfg = Debug|Any CPU
		{B1246571-0BC0-4B06-A5AE-6C3989E8903C}.Debug|Any CPU.Build.0 = Debug|Any CPU
		{B1246571-0BC0-4B06-A5AE-6C3989E8903C}.Release|Any CPU.ActiveCfg = Release|Any CPU
		{B1246571-0BC0-4B06-A5AE-6C3989E8903C}.Release|Any CPU.Build.0 = Release|Any CPU
		{8F73580C-32E8-4AE6-BAAC-469DE4FEDF8F}.Debug|Any CPU.ActiveCfg = Debug|Any CPU
		{8F73580C-32E8-4AE6-BAAC-469DE4FEDF8F}.Debug|Any CPU.Build.0 = Debug|Any CPU
		{8F73580C-32E8-4AE6-BAAC-469DE4FEDF8F}.Release|Any CPU.ActiveCfg = Release|Any CPU
		{8F73580C-32E8-4AE6-BAAC-469DE4FEDF8F}.Release|Any CPU.Build.0 = Release|Any CPU
		{51624E7F-2AAB-40F9-9979-23695F20A7CC}.Debug|Any CPU.ActiveCfg = Debug
		{51624E7F-2AAB-40F9-9979-23695F20A7CC}.Release|Any CPU.ActiveCfg = Release
		{51624E7F-2AAB-40F9-9979-23695F20A7CC}.Release|Any CPU.Build.0 = Release
		{B6D2F677-390D-4D0E-8905-A840804FDFB5}.Debug|Any CPU.ActiveCfg = Debug|Any CPU
		{B6D2F677-390D-4D0E-8905-A840804FDFB5}.Debug|Any CPU.Build.0 = Debug|Any CPU
		{B6D2F677-390D-4D0E-8905-A840804FDFB5}.Release|Any CPU.ActiveCfg = Release|Any CPU
		{B6D2F677-390D-4D0E-8905-A840804FDFB5}.Release|Any CPU.Build.0 = Release|Any CPU
		{5BAD4A23-8523-40C5-ACA5-D4004DCA02BD}.Debug|Any CPU.ActiveCfg = Debug|Any CPU
		{5BAD4A23-8523-40C5-ACA5-D4004DCA02BD}.Debug|Any CPU.Build.0 = Debug|Any CPU
		{5BAD4A23-8523-40C5-ACA5-D4004DCA02BD}.Release|Any CPU.ActiveCfg = Release|Any CPU
		{5BAD4A23-8523-40C5-ACA5-D4004DCA02BD}.Release|Any CPU.Build.0 = Release|Any CPU
		{B80E6DB6-E68C-4D4A-89AB-EE44FB452646}.Debug|Any CPU.ActiveCfg = Debug|Any CPU
		{B80E6DB6-E68C-4D4A-89AB-EE44FB452646}.Debug|Any CPU.Build.0 = Debug|Any CPU
		{B80E6DB6-E68C-4D4A-89AB-EE44FB452646}.Release|Any CPU.ActiveCfg = Release|Any CPU
		{B80E6DB6-E68C-4D4A-89AB-EE44FB452646}.Release|Any CPU.Build.0 = Release|Any CPU
		{90511DF3-3151-447E-9C2E-1B3E11CD788C}.Debug|Any CPU.ActiveCfg = Debug|Any CPU
		{90511DF3-3151-447E-9C2E-1B3E11CD788C}.Debug|Any CPU.Build.0 = Debug|Any CPU
		{90511DF3-3151-447E-9C2E-1B3E11CD788C}.Release|Any CPU.ActiveCfg = Release|Any CPU
		{90511DF3-3151-447E-9C2E-1B3E11CD788C}.Release|Any CPU.Build.0 = Release|Any CPU
		{DE3FFB60-CADE-4679-A53E-0541F707EA95}.Debug|Any CPU.ActiveCfg = Debug|Any CPU
		{DE3FFB60-CADE-4679-A53E-0541F707EA95}.Debug|Any CPU.Build.0 = Debug|Any CPU
		{DE3FFB60-CADE-4679-A53E-0541F707EA95}.Release|Any CPU.ActiveCfg = Release|Any CPU
		{DE3FFB60-CADE-4679-A53E-0541F707EA95}.Release|Any CPU.Build.0 = Release|Any CPU
		{D489015D-1272-4B18-BC26-645C720169F9}.Debug|Any CPU.ActiveCfg = Debug|Any CPU
		{D489015D-1272-4B18-BC26-645C720169F9}.Debug|Any CPU.Build.0 = Debug|Any CPU
		{D489015D-1272-4B18-BC26-645C720169F9}.Release|Any CPU.ActiveCfg = Release|Any CPU
		{D489015D-1272-4B18-BC26-645C720169F9}.Release|Any CPU.Build.0 = Release|Any CPU
		{285D68FA-6CA3-4757-B330-DE4EDC5B0849}.Debug|Any CPU.ActiveCfg = Debug|Any CPU
		{285D68FA-6CA3-4757-B330-DE4EDC5B0849}.Debug|Any CPU.Build.0 = Debug|Any CPU
		{285D68FA-6CA3-4757-B330-DE4EDC5B0849}.Release|Any CPU.ActiveCfg = Release|Any CPU
		{285D68FA-6CA3-4757-B330-DE4EDC5B0849}.Release|Any CPU.Build.0 = Release|Any CPU
		{80F0BD6B-2746-41B0-9CC0-ED8CDF1DA35B}.Debug|Any CPU.ActiveCfg = Debug|Any CPU
		{80F0BD6B-2746-41B0-9CC0-ED8CDF1DA35B}.Debug|Any CPU.Build.0 = Debug|Any CPU
		{80F0BD6B-2746-41B0-9CC0-ED8CDF1DA35B}.Release|Any CPU.ActiveCfg = Release|Any CPU
		{80F0BD6B-2746-41B0-9CC0-ED8CDF1DA35B}.Release|Any CPU.Build.0 = Release|Any CPU
		{9638F018-26C5-4E6B-B355-F8E37F86D1C0}.Debug|Any CPU.ActiveCfg = Debug|Any CPU
		{9638F018-26C5-4E6B-B355-F8E37F86D1C0}.Debug|Any CPU.Build.0 = Debug|Any CPU
		{9638F018-26C5-4E6B-B355-F8E37F86D1C0}.Release|Any CPU.ActiveCfg = Release|Any CPU
		{9638F018-26C5-4E6B-B355-F8E37F86D1C0}.Release|Any CPU.Build.0 = Release|Any CPU
		{510D6813-AE9B-4F28-9B77-390F36DF958A}.Debug|Any CPU.ActiveCfg = Debug|Any CPU
		{510D6813-AE9B-4F28-9B77-390F36DF958A}.Debug|Any CPU.Build.0 = Debug|Any CPU
		{510D6813-AE9B-4F28-9B77-390F36DF958A}.Release|Any CPU.ActiveCfg = Release|Any CPU
		{510D6813-AE9B-4F28-9B77-390F36DF958A}.Release|Any CPU.Build.0 = Release|Any CPU
		{B4245EFD-8EEE-4D38-AA3A-F5D51516037C}.Debug|Any CPU.ActiveCfg = Debug|Any CPU
		{B4245EFD-8EEE-4D38-AA3A-F5D51516037C}.Debug|Any CPU.Build.0 = Debug|Any CPU
		{B4245EFD-8EEE-4D38-AA3A-F5D51516037C}.Debug|Any CPU.Deploy.0 = Debug|Any CPU
		{B4245EFD-8EEE-4D38-AA3A-F5D51516037C}.Release|Any CPU.ActiveCfg = Release|Any CPU
		{B4245EFD-8EEE-4D38-AA3A-F5D51516037C}.Release|Any CPU.Build.0 = Release|Any CPU
		{B4245EFD-8EEE-4D38-AA3A-F5D51516037C}.Release|Any CPU.Deploy.0 = Release|Any CPU
		{426A7DF6-3C39-4125-9AD3-31D93208B269}.Debug|Any CPU.ActiveCfg = Debug|Any CPU
		{426A7DF6-3C39-4125-9AD3-31D93208B269}.Debug|Any CPU.Build.0 = Debug|Any CPU
		{426A7DF6-3C39-4125-9AD3-31D93208B269}.Release|Any CPU.ActiveCfg = Release|Any CPU
		{426A7DF6-3C39-4125-9AD3-31D93208B269}.Release|Any CPU.Build.0 = Release|Any CPU
	EndGlobalSection
	GlobalSection(SolutionProperties) = preSolution
		HideSolutionNode = FALSE
	EndGlobalSection
	GlobalSection(NestedProjects) = preSolution
		{5BAD4A23-8523-40C5-ACA5-D4004DCA02BD} = {B08999A9-59D8-4790-A084-515E40DDF472}
		{B80E6DB6-E68C-4D4A-89AB-EE44FB452646} = {B08999A9-59D8-4790-A084-515E40DDF472}
		{9ECDD7B1-F5CE-4DDA-A183-12EC6B0FD2A4} = {B08999A9-59D8-4790-A084-515E40DDF472}
		{90511DF3-3151-447E-9C2E-1B3E11CD788C} = {9ECDD7B1-F5CE-4DDA-A183-12EC6B0FD2A4}
		{DE3FFB60-CADE-4679-A53E-0541F707EA95} = {B146C09F-B4E0-4740-AB5F-10FCA3AC4537}
		{D489015D-1272-4B18-BC26-645C720169F9} = {B146C09F-B4E0-4740-AB5F-10FCA3AC4537}
		{285D68FA-6CA3-4757-B330-DE4EDC5B0849} = {B146C09F-B4E0-4740-AB5F-10FCA3AC4537}
		{80F0BD6B-2746-41B0-9CC0-ED8CDF1DA35B} = {B146C09F-B4E0-4740-AB5F-10FCA3AC4537}
		{B4245EFD-8EEE-4D38-AA3A-F5D51516037C} = {B146C09F-B4E0-4740-AB5F-10FCA3AC4537}
		{426A7DF6-3C39-4125-9AD3-31D93208B269} = {B146C09F-B4E0-4740-AB5F-10FCA3AC4537}
		{9638F018-26C5-4E6B-B355-F8E37F86D1C0} = {689AA250-D66C-4C63-AD1F-D76050BA5D82}
		{510D6813-AE9B-4F28-9B77-390F36DF958A} = {689AA250-D66C-4C63-AD1F-D76050BA5D82}
	EndGlobalSection
EndGlobal
