
Microsoft Visual Studio Solution File, Format Version 12.00
# Visual Studio 2013
VisualStudioVersion = 12.0.21005.1
MinimumVisualStudioVersion = 10.0.40219.1
Project("{2150E333-8FDC-42A3-9474-1A3956D46DE8}") = "Portable", "Portable", "{89730772-EEEA-4D00-99C9-70F8270110B1}"
EndProject
Project("{2150E333-8FDC-42A3-9474-1A3956D46DE8}") = ".nuget", ".nuget", "{24482362-CCBD-43EF-8892-8ABE12BC6912}"
	ProjectSection(SolutionItems) = preProject
		.nuget\NuGet.Config = .nuget\NuGet.Config
		.nuget\NuGet.exe = .nuget\NuGet.exe
		.nuget\NuGet.targets = .nuget\NuGet.targets
	EndProjectSection
EndProject
Project("{FAE04EC0-301F-11D3-BF4B-00C04F79EFBC}") = "UpdateControls.Correspondence", "Portable\UpdateControls.Correspondence\UpdateControls.Correspondence.csproj", "{8A77436E-F210-44CC-8005-B6F607D2845C}"
EndProject
Project("{FAE04EC0-301F-11D3-BF4B-00C04F79EFBC}") = "UpdateControls.Correspondence.Memory", "Portable\UpdateControls.Correspondence.Memory\UpdateControls.Correspondence.Memory.csproj", "{49541974-2B82-493E-B17F-5EA54EFC87AB}"
EndProject
Project("{2150E333-8FDC-42A3-9474-1A3956D46DE8}") = "WindowsStore", "WindowsStore", "{B8A7198E-C84D-41CA-AAFC-EBF0DC07CD4E}"
EndProject
Project("{FAE04EC0-301F-11D3-BF4B-00C04F79EFBC}") = "UpdateControls.Correspondence.BinaryHTTPClient.Notifications", "WindowsStore\UpdateControls.Correspondence.BinaryHTTPClient.Notifications\UpdateControls.Correspondence.BinaryHTTPClient.Notifications.csproj", "{31BAF759-C314-4040-AB96-A180CAFB2541}"
EndProject
Project("{FAE04EC0-301F-11D3-BF4B-00C04F79EFBC}") = "UpdateControls.Correspondence.Data", "WindowsStore\UpdateControls.Correspondence.Data\UpdateControls.Correspondence.Data.csproj", "{8D66C8B3-6C9B-4E19-8151-5A88888E83F4}"
EndProject
Project("{FAE04EC0-301F-11D3-BF4B-00C04F79EFBC}") = "UpdateControls.Correspondence.FileStream", "WindowsStore\UpdateControls.Correspondence.FileStream\UpdateControls.Correspondence.FileStream.csproj", "{B144693D-EB00-476A-B5BB-713A84F5021D}"
EndProject
Project("{2150E333-8FDC-42A3-9474-1A3956D46DE8}") = "WindowsPhone", "WindowsPhone", "{5D1B1070-E97F-4949-967A-C41EA1D06595}"
EndProject
Project("{FAE04EC0-301F-11D3-BF4B-00C04F79EFBC}") = "UpdateControls.Correspondence.BinaryHTTPClient", "Portable\UpdateControls.Correspondence.BinaryHTTPClient\UpdateControls.Correspondence.BinaryHTTPClient.csproj", "{04367BF4-1277-4674-B851-3606AB457039}"
EndProject
Project("{FAE04EC0-301F-11D3-BF4B-00C04F79EFBC}") = "UpdateControls.Correspondence.BinaryHTTPClient.Notification", "WindowsPhone\UpdateControls.Correspondence.BinaryHTTPClient.Notification\UpdateControls.Correspondence.BinaryHTTPClient.Notification.csproj", "{DDB03DD9-3EFE-425C-8364-8C68FD0FA850}"
EndProject
Project("{FAE04EC0-301F-11D3-BF4B-00C04F79EFBC}") = "UpdateControls.Correspondence.Data", "Portable\UpdateControls.Correspondence.Data\UpdateControls.Correspondence.Data.csproj", "{D8F2CB6A-287E-4C3C-925C-AFA169A09558}"
EndProject
Project("{FAE04EC0-301F-11D3-BF4B-00C04F79EFBC}") = "UpdateControls.Correspondence.Data", "WindowsPhone\UpdateControls.Correspondence.Data\UpdateControls.Correspondence.Data.csproj", "{4A076F16-FE12-4B60-9563-46B9414B0802}"
EndProject
Project("{FAE04EC0-301F-11D3-BF4B-00C04F79EFBC}") = "UpdateControls.Correspondence.FileStream", "WindowsPhone\UpdateControls.Correspondence.FileStream\UpdateControls.Correspondence.FileStream.csproj", "{434CDEA4-3658-4367-90C7-455CCEBEFD17}"
EndProject
Global
	GlobalSection(SolutionConfigurationPlatforms) = preSolution
		Debug|Any CPU = Debug|Any CPU
		Debug|ARM = Debug|ARM
		Debug|x64 = Debug|x64
		Debug|x86 = Debug|x86
		Release|Any CPU = Release|Any CPU
		Release|ARM = Release|ARM
		Release|x64 = Release|x64
		Release|x86 = Release|x86
	EndGlobalSection
	GlobalSection(ProjectConfigurationPlatforms) = postSolution
		{8A77436E-F210-44CC-8005-B6F607D2845C}.Debug|Any CPU.ActiveCfg = Debug|Any CPU
		{8A77436E-F210-44CC-8005-B6F607D2845C}.Debug|Any CPU.Build.0 = Debug|Any CPU
		{8A77436E-F210-44CC-8005-B6F607D2845C}.Debug|ARM.ActiveCfg = Debug|Any CPU
		{8A77436E-F210-44CC-8005-B6F607D2845C}.Debug|x64.ActiveCfg = Debug|Any CPU
		{8A77436E-F210-44CC-8005-B6F607D2845C}.Debug|x86.ActiveCfg = Debug|Any CPU
		{8A77436E-F210-44CC-8005-B6F607D2845C}.Release|Any CPU.ActiveCfg = Release|Any CPU
		{8A77436E-F210-44CC-8005-B6F607D2845C}.Release|Any CPU.Build.0 = Release|Any CPU
		{8A77436E-F210-44CC-8005-B6F607D2845C}.Release|ARM.ActiveCfg = Release|Any CPU
		{8A77436E-F210-44CC-8005-B6F607D2845C}.Release|x64.ActiveCfg = Release|Any CPU
		{8A77436E-F210-44CC-8005-B6F607D2845C}.Release|x86.ActiveCfg = Release|Any CPU
		{49541974-2B82-493E-B17F-5EA54EFC87AB}.Debug|Any CPU.ActiveCfg = Debug|Any CPU
		{49541974-2B82-493E-B17F-5EA54EFC87AB}.Debug|Any CPU.Build.0 = Debug|Any CPU
		{49541974-2B82-493E-B17F-5EA54EFC87AB}.Debug|ARM.ActiveCfg = Debug|Any CPU
		{49541974-2B82-493E-B17F-5EA54EFC87AB}.Debug|x64.ActiveCfg = Debug|Any CPU
		{49541974-2B82-493E-B17F-5EA54EFC87AB}.Debug|x86.ActiveCfg = Debug|Any CPU
		{49541974-2B82-493E-B17F-5EA54EFC87AB}.Release|Any CPU.ActiveCfg = Release|Any CPU
		{49541974-2B82-493E-B17F-5EA54EFC87AB}.Release|Any CPU.Build.0 = Release|Any CPU
		{49541974-2B82-493E-B17F-5EA54EFC87AB}.Release|ARM.ActiveCfg = Release|Any CPU
		{49541974-2B82-493E-B17F-5EA54EFC87AB}.Release|x64.ActiveCfg = Release|Any CPU
		{49541974-2B82-493E-B17F-5EA54EFC87AB}.Release|x86.ActiveCfg = Release|Any CPU
		{31BAF759-C314-4040-AB96-A180CAFB2541}.Debug|Any CPU.ActiveCfg = Debug|Any CPU
		{31BAF759-C314-4040-AB96-A180CAFB2541}.Debug|Any CPU.Build.0 = Debug|Any CPU
		{31BAF759-C314-4040-AB96-A180CAFB2541}.Debug|ARM.ActiveCfg = Debug|ARM
		{31BAF759-C314-4040-AB96-A180CAFB2541}.Debug|ARM.Build.0 = Debug|ARM
		{31BAF759-C314-4040-AB96-A180CAFB2541}.Debug|x64.ActiveCfg = Debug|x64
		{31BAF759-C314-4040-AB96-A180CAFB2541}.Debug|x64.Build.0 = Debug|x64
		{31BAF759-C314-4040-AB96-A180CAFB2541}.Debug|x86.ActiveCfg = Debug|x86
		{31BAF759-C314-4040-AB96-A180CAFB2541}.Debug|x86.Build.0 = Debug|x86
		{31BAF759-C314-4040-AB96-A180CAFB2541}.Release|Any CPU.ActiveCfg = Release|Any CPU
		{31BAF759-C314-4040-AB96-A180CAFB2541}.Release|Any CPU.Build.0 = Release|Any CPU
		{31BAF759-C314-4040-AB96-A180CAFB2541}.Release|ARM.ActiveCfg = Release|ARM
		{31BAF759-C314-4040-AB96-A180CAFB2541}.Release|ARM.Build.0 = Release|ARM
		{31BAF759-C314-4040-AB96-A180CAFB2541}.Release|x64.ActiveCfg = Release|x64
		{31BAF759-C314-4040-AB96-A180CAFB2541}.Release|x64.Build.0 = Release|x64
		{31BAF759-C314-4040-AB96-A180CAFB2541}.Release|x86.ActiveCfg = Release|x86
		{31BAF759-C314-4040-AB96-A180CAFB2541}.Release|x86.Build.0 = Release|x86
		{8D66C8B3-6C9B-4E19-8151-5A88888E83F4}.Debug|Any CPU.ActiveCfg = Debug|Any CPU
		{8D66C8B3-6C9B-4E19-8151-5A88888E83F4}.Debug|Any CPU.Build.0 = Debug|Any CPU
		{8D66C8B3-6C9B-4E19-8151-5A88888E83F4}.Debug|ARM.ActiveCfg = Debug|ARM
		{8D66C8B3-6C9B-4E19-8151-5A88888E83F4}.Debug|ARM.Build.0 = Debug|ARM
		{8D66C8B3-6C9B-4E19-8151-5A88888E83F4}.Debug|x64.ActiveCfg = Debug|x64
		{8D66C8B3-6C9B-4E19-8151-5A88888E83F4}.Debug|x64.Build.0 = Debug|x64
		{8D66C8B3-6C9B-4E19-8151-5A88888E83F4}.Debug|x86.ActiveCfg = Debug|x86
		{8D66C8B3-6C9B-4E19-8151-5A88888E83F4}.Debug|x86.Build.0 = Debug|x86
		{8D66C8B3-6C9B-4E19-8151-5A88888E83F4}.Release|Any CPU.ActiveCfg = Release|Any CPU
		{8D66C8B3-6C9B-4E19-8151-5A88888E83F4}.Release|Any CPU.Build.0 = Release|Any CPU
		{8D66C8B3-6C9B-4E19-8151-5A88888E83F4}.Release|ARM.ActiveCfg = Release|ARM
		{8D66C8B3-6C9B-4E19-8151-5A88888E83F4}.Release|ARM.Build.0 = Release|ARM
		{8D66C8B3-6C9B-4E19-8151-5A88888E83F4}.Release|x64.ActiveCfg = Release|x64
		{8D66C8B3-6C9B-4E19-8151-5A88888E83F4}.Release|x64.Build.0 = Release|x64
		{8D66C8B3-6C9B-4E19-8151-5A88888E83F4}.Release|x86.ActiveCfg = Release|x86
		{8D66C8B3-6C9B-4E19-8151-5A88888E83F4}.Release|x86.Build.0 = Release|x86
		{B144693D-EB00-476A-B5BB-713A84F5021D}.Debug|Any CPU.ActiveCfg = Debug|Any CPU
		{B144693D-EB00-476A-B5BB-713A84F5021D}.Debug|Any CPU.Build.0 = Debug|Any CPU
		{B144693D-EB00-476A-B5BB-713A84F5021D}.Debug|ARM.ActiveCfg = Debug|ARM
		{B144693D-EB00-476A-B5BB-713A84F5021D}.Debug|ARM.Build.0 = Debug|ARM
		{B144693D-EB00-476A-B5BB-713A84F5021D}.Debug|x64.ActiveCfg = Debug|x64
		{B144693D-EB00-476A-B5BB-713A84F5021D}.Debug|x64.Build.0 = Debug|x64
		{B144693D-EB00-476A-B5BB-713A84F5021D}.Debug|x86.ActiveCfg = Debug|x86
		{B144693D-EB00-476A-B5BB-713A84F5021D}.Debug|x86.Build.0 = Debug|x86
		{B144693D-EB00-476A-B5BB-713A84F5021D}.Release|Any CPU.ActiveCfg = Release|Any CPU
		{B144693D-EB00-476A-B5BB-713A84F5021D}.Release|Any CPU.Build.0 = Release|Any CPU
		{B144693D-EB00-476A-B5BB-713A84F5021D}.Release|ARM.ActiveCfg = Release|ARM
		{B144693D-EB00-476A-B5BB-713A84F5021D}.Release|ARM.Build.0 = Release|ARM
		{B144693D-EB00-476A-B5BB-713A84F5021D}.Release|x64.ActiveCfg = Release|x64
		{B144693D-EB00-476A-B5BB-713A84F5021D}.Release|x64.Build.0 = Release|x64
		{B144693D-EB00-476A-B5BB-713A84F5021D}.Release|x86.ActiveCfg = Release|x86
		{B144693D-EB00-476A-B5BB-713A84F5021D}.Release|x86.Build.0 = Release|x86
		{04367BF4-1277-4674-B851-3606AB457039}.Debug|Any CPU.ActiveCfg = Debug|Any CPU
		{04367BF4-1277-4674-B851-3606AB457039}.Debug|Any CPU.Build.0 = Debug|Any CPU
		{04367BF4-1277-4674-B851-3606AB457039}.Debug|ARM.ActiveCfg = Debug|Any CPU
		{04367BF4-1277-4674-B851-3606AB457039}.Debug|x64.ActiveCfg = Debug|Any CPU
		{04367BF4-1277-4674-B851-3606AB457039}.Debug|x86.ActiveCfg = Debug|Any CPU
		{04367BF4-1277-4674-B851-3606AB457039}.Release|Any CPU.ActiveCfg = Release|Any CPU
		{04367BF4-1277-4674-B851-3606AB457039}.Release|Any CPU.Build.0 = Release|Any CPU
		{04367BF4-1277-4674-B851-3606AB457039}.Release|ARM.ActiveCfg = Release|Any CPU
		{04367BF4-1277-4674-B851-3606AB457039}.Release|x64.ActiveCfg = Release|Any CPU
		{04367BF4-1277-4674-B851-3606AB457039}.Release|x86.ActiveCfg = Release|Any CPU
		{DDB03DD9-3EFE-425C-8364-8C68FD0FA850}.Debug|Any CPU.ActiveCfg = Debug|Any CPU
		{DDB03DD9-3EFE-425C-8364-8C68FD0FA850}.Debug|Any CPU.Build.0 = Debug|Any CPU
		{DDB03DD9-3EFE-425C-8364-8C68FD0FA850}.Debug|ARM.ActiveCfg = Debug|ARM
		{DDB03DD9-3EFE-425C-8364-8C68FD0FA850}.Debug|ARM.Build.0 = Debug|ARM
		{DDB03DD9-3EFE-425C-8364-8C68FD0FA850}.Debug|x64.ActiveCfg = Debug|Any CPU
		{DDB03DD9-3EFE-425C-8364-8C68FD0FA850}.Debug|x86.ActiveCfg = Debug|x86
		{DDB03DD9-3EFE-425C-8364-8C68FD0FA850}.Debug|x86.Build.0 = Debug|x86
		{DDB03DD9-3EFE-425C-8364-8C68FD0FA850}.Release|Any CPU.ActiveCfg = Release|Any CPU
		{DDB03DD9-3EFE-425C-8364-8C68FD0FA850}.Release|Any CPU.Build.0 = Release|Any CPU
		{DDB03DD9-3EFE-425C-8364-8C68FD0FA850}.Release|ARM.ActiveCfg = Release|ARM
		{DDB03DD9-3EFE-425C-8364-8C68FD0FA850}.Release|ARM.Build.0 = Release|ARM
		{DDB03DD9-3EFE-425C-8364-8C68FD0FA850}.Release|x64.ActiveCfg = Release|Any CPU
		{DDB03DD9-3EFE-425C-8364-8C68FD0FA850}.Release|x86.ActiveCfg = Release|x86
		{DDB03DD9-3EFE-425C-8364-8C68FD0FA850}.Release|x86.Build.0 = Release|x86
		{D8F2CB6A-287E-4C3C-925C-AFA169A09558}.Debug|Any CPU.ActiveCfg = Debug|Any CPU
		{D8F2CB6A-287E-4C3C-925C-AFA169A09558}.Debug|Any CPU.Build.0 = Debug|Any CPU
		{D8F2CB6A-287E-4C3C-925C-AFA169A09558}.Debug|ARM.ActiveCfg = Debug|Any CPU
		{D8F2CB6A-287E-4C3C-925C-AFA169A09558}.Debug|x64.ActiveCfg = Debug|Any CPU
		{D8F2CB6A-287E-4C3C-925C-AFA169A09558}.Debug|x86.ActiveCfg = Debug|Any CPU
		{D8F2CB6A-287E-4C3C-925C-AFA169A09558}.Release|Any CPU.ActiveCfg = Release|Any CPU
		{D8F2CB6A-287E-4C3C-925C-AFA169A09558}.Release|Any CPU.Build.0 = Release|Any CPU
		{D8F2CB6A-287E-4C3C-925C-AFA169A09558}.Release|ARM.ActiveCfg = Release|Any CPU
		{D8F2CB6A-287E-4C3C-925C-AFA169A09558}.Release|x64.ActiveCfg = Release|Any CPU
		{D8F2CB6A-287E-4C3C-925C-AFA169A09558}.Release|x86.ActiveCfg = Release|Any CPU
		{4A076F16-FE12-4B60-9563-46B9414B0802}.Debug|Any CPU.ActiveCfg = Debug|Any CPU
		{4A076F16-FE12-4B60-9563-46B9414B0802}.Debug|Any CPU.Build.0 = Debug|Any CPU
		{4A076F16-FE12-4B60-9563-46B9414B0802}.Debug|ARM.ActiveCfg = Debug|ARM
		{4A076F16-FE12-4B60-9563-46B9414B0802}.Debug|ARM.Build.0 = Debug|ARM
		{4A076F16-FE12-4B60-9563-46B9414B0802}.Debug|x64.ActiveCfg = Debug|Any CPU
		{4A076F16-FE12-4B60-9563-46B9414B0802}.Debug|x86.ActiveCfg = Debug|x86
		{4A076F16-FE12-4B60-9563-46B9414B0802}.Debug|x86.Build.0 = Debug|x86
		{4A076F16-FE12-4B60-9563-46B9414B0802}.Release|Any CPU.ActiveCfg = Release|Any CPU
		{4A076F16-FE12-4B60-9563-46B9414B0802}.Release|Any CPU.Build.0 = Release|Any CPU
		{4A076F16-FE12-4B60-9563-46B9414B0802}.Release|ARM.ActiveCfg = Release|ARM
		{4A076F16-FE12-4B60-9563-46B9414B0802}.Release|ARM.Build.0 = Release|ARM
		{4A076F16-FE12-4B60-9563-46B9414B0802}.Release|x64.ActiveCfg = Release|Any CPU
		{4A076F16-FE12-4B60-9563-46B9414B0802}.Release|x86.ActiveCfg = Release|x86
		{4A076F16-FE12-4B60-9563-46B9414B0802}.Release|x86.Build.0 = Release|x86
		{434CDEA4-3658-4367-90C7-455CCEBEFD17}.Debug|Any CPU.ActiveCfg = Debug|Any CPU
		{434CDEA4-3658-4367-90C7-455CCEBEFD17}.Debug|Any CPU.Build.0 = Debug|Any CPU
		{434CDEA4-3658-4367-90C7-455CCEBEFD17}.Debug|ARM.ActiveCfg = Debug|ARM
		{434CDEA4-3658-4367-90C7-455CCEBEFD17}.Debug|ARM.Build.0 = Debug|ARM
		{434CDEA4-3658-4367-90C7-455CCEBEFD17}.Debug|x64.ActiveCfg = Debug|Any CPU
		{434CDEA4-3658-4367-90C7-455CCEBEFD17}.Debug|x86.ActiveCfg = Debug|x86
		{434CDEA4-3658-4367-90C7-455CCEBEFD17}.Debug|x86.Build.0 = Debug|x86
		{434CDEA4-3658-4367-90C7-455CCEBEFD17}.Release|Any CPU.ActiveCfg = Release|Any CPU
		{434CDEA4-3658-4367-90C7-455CCEBEFD17}.Release|Any CPU.Build.0 = Release|Any CPU
		{434CDEA4-3658-4367-90C7-455CCEBEFD17}.Release|ARM.ActiveCfg = Release|ARM
		{434CDEA4-3658-4367-90C7-455CCEBEFD17}.Release|ARM.Build.0 = Release|ARM
		{434CDEA4-3658-4367-90C7-455CCEBEFD17}.Release|x64.ActiveCfg = Release|Any CPU
		{434CDEA4-3658-4367-90C7-455CCEBEFD17}.Release|x86.ActiveCfg = Release|x86
		{434CDEA4-3658-4367-90C7-455CCEBEFD17}.Release|x86.Build.0 = Release|x86
	EndGlobalSection
	GlobalSection(SolutionProperties) = preSolution
		HideSolutionNode = FALSE
	EndGlobalSection
	GlobalSection(NestedProjects) = preSolution
		{8A77436E-F210-44CC-8005-B6F607D2845C} = {89730772-EEEA-4D00-99C9-70F8270110B1}
		{49541974-2B82-493E-B17F-5EA54EFC87AB} = {89730772-EEEA-4D00-99C9-70F8270110B1}
		{04367BF4-1277-4674-B851-3606AB457039} = {89730772-EEEA-4D00-99C9-70F8270110B1}
		{D8F2CB6A-287E-4C3C-925C-AFA169A09558} = {89730772-EEEA-4D00-99C9-70F8270110B1}
		{31BAF759-C314-4040-AB96-A180CAFB2541} = {B8A7198E-C84D-41CA-AAFC-EBF0DC07CD4E}
		{8D66C8B3-6C9B-4E19-8151-5A88888E83F4} = {B8A7198E-C84D-41CA-AAFC-EBF0DC07CD4E}
		{B144693D-EB00-476A-B5BB-713A84F5021D} = {B8A7198E-C84D-41CA-AAFC-EBF0DC07CD4E}
		{DDB03DD9-3EFE-425C-8364-8C68FD0FA850} = {5D1B1070-E97F-4949-967A-C41EA1D06595}
		{4A076F16-FE12-4B60-9563-46B9414B0802} = {5D1B1070-E97F-4949-967A-C41EA1D06595}
		{434CDEA4-3658-4367-90C7-455CCEBEFD17} = {5D1B1070-E97F-4949-967A-C41EA1D06595}
	EndGlobalSection
EndGlobal
