
Microsoft Visual Studio Solution File, Format Version 10.00
# Visual Studio 2008
Project("{FAE04EC0-301F-11D3-BF4B-00C04F79EFBC}") = "UpdateControls.Correspondence.UnitTest", "UpdateControls.Correspondence.UnitTest\UpdateControls.Correspondence.UnitTest.csproj", "{8A2EE5D2-BFAB-4DA6-9F1B-AD5645329313}"
EndProject
Project("{2150E333-8FDC-42A3-9474-1A3956D46DE8}") = "Solution Items", "Solution Items", "{4BED3008-81C4-44AE-841E-C971D41D72B3}"
	ProjectSection(SolutionItems) = preProject
		Correspondence.vsmdi = Correspondence.vsmdi
		LocalTestRun.testrunconfig = LocalTestRun.testrunconfig
		SolutionItems\Mallardsoft.snk = SolutionItems\Mallardsoft.snk
		UpdateControls.Correspondence.Rebuild\UpdateControls.Correspondence.Rebuild.csproj = UpdateControls.Correspondence.Rebuild\UpdateControls.Correspondence.Rebuild.csproj
		SolutionItems\UpdateControls.dll = SolutionItems\UpdateControls.dll
		SolutionItems\UpdateControls.XAML.dll = SolutionItems\UpdateControls.XAML.dll
	EndProjectSection
EndProject
Project("{FAE04EC0-301F-11D3-BF4B-00C04F79EFBC}") = "UpdateControls.Correspondence", "UpdateControls.Correspondence\UpdateControls.Correspondence.csproj", "{04178710-8BE6-416F-9D41-909258CDE242}"
EndProject
Project("{FAE04EC0-301F-11D3-BF4B-00C04F79EFBC}") = "UpdateControls.Correspondence.SSCE", "UpdateControls.Correspondence.SSCE\UpdateControls.Correspondence.SSCE.csproj", "{A418955B-D3B5-4F05-A1A2-7864E92B6C4F}"
EndProject
Project("{FAE04EC0-301F-11D3-BF4B-00C04F79EFBC}") = "UpdateControls.Correspondence.Memory", "UpdateControls.Correspondence.Memory\UpdateControls.Correspondence.Memory.csproj", "{E318C58A-0EB8-4FFB-9547-DD5F73760989}"
EndProject
Project("{FAE04EC0-301F-11D3-BF4B-00C04F79EFBC}") = "UpdateControls.Correspondence.Rebuild", "UpdateControls.Correspondence.Rebuild\UpdateControls.Correspondence.Rebuild.csproj", "{4D0E4C15-A2AD-456D-BCF3-496EBB20E76B}"
EndProject
Project("{FAE04EC0-301F-11D3-BF4B-00C04F79EFBC}") = "GameModel", "GameModel\GameModel.csproj", "{659D7839-99B0-46C4-A7AB-4B9721428E76}"
EndProject
Project("{FAE04EC0-301F-11D3-BF4B-00C04F79EFBC}") = "GameService", "GameService\GameService.csproj", "{0860F066-2CD9-4DE3-BB0C-6E6638B0A84A}"
EndProject
Project("{FAE04EC0-301F-11D3-BF4B-00C04F79EFBC}") = "Predassert", "Predassert\Predassert.csproj", "{6D277F24-3DF5-4DCE-9CEA-22ED68ADEBE1}"
EndProject
Project("{FAE04EC0-301F-11D3-BF4B-00C04F79EFBC}") = "UpdateControls.Correspondence.WebServiceClient", "UpdateControls.Correspondence.WebServiceClient\UpdateControls.Correspondence.WebServiceClient.csproj", "{6B3FD9E5-3D50-4DD8-9656-F9B9F1EB138D}"
EndProject
Project("{FAE04EC0-301F-11D3-BF4B-00C04F79EFBC}") = "UpdateControls.Correspondence.WebService.Contract", "UpdateControls.Correspondence.WebService.Contract\UpdateControls.Correspondence.WebService.Contract.csproj", "{FA94B34D-4D02-41B8-811F-2DC47CE5CFE8}"
EndProject
Project("{FAE04EC0-301F-11D3-BF4B-00C04F79EFBC}") = "Reversi.GameLogic.UnitTest", "Reversi.GameLogic.UnitTest\Reversi.GameLogic.UnitTest.csproj", "{F476A28A-9EC0-44FC-B67C-D532B6FD8CAF}"
EndProject
Project("{FAE04EC0-301F-11D3-BF4B-00C04F79EFBC}") = "Reversi.GameLogic", "Reversi.GameLogic\Reversi.GameLogic.csproj", "{15C2C87D-3996-480B-8576-1E04C20B1D09}"
EndProject
Project("{FAE04EC0-301F-11D3-BF4B-00C04F79EFBC}") = "Reversi.Client", "Reversi.Client\Reversi.Client.csproj", "{975FCB20-5E93-42E0-AE11-F8EFDBBD5F89}"
EndProject
Project("{FAE04EC0-301F-11D3-BF4B-00C04F79EFBC}") = "Reversi.GameQueueService", "Reversi.GameQueueService\Reversi.GameQueueService.csproj", "{C1E396FB-6744-4400-BF30-07699D4F2DCF}"
EndProject
Project("{54435603-DBB4-11D2-8724-00A0C9A8B90C}") = "Reversi.Setup", "Reversi.Setup\Reversi.Setup.vdproj", "{801336D1-AA19-4F8C-AB10-92762162518F}"
EndProject
Project("{FAE04EC0-301F-11D3-BF4B-00C04F79EFBC}") = "UpdateControls.Correspondence.Factual", "UpdateControls.Correspondence.Factual\UpdateControls.Correspondence.Factual.csproj", "{5DE5E950-C19C-4588-80EC-5C60A50D352C}"
EndProject
Project("{FAE04EC0-301F-11D3-BF4B-00C04F79EFBC}") = "UpdateControls.Correspondence.Factual.UnitTest", "UpdateControls.Correspondence.Factual.UnitTest\UpdateControls.Correspondence.Factual.UnitTest.csproj", "{B1246571-0BC0-4B06-A5AE-6C3989E8903C}"
EndProject
Project("{FAE04EC0-301F-11D3-BF4B-00C04F79EFBC}") = "QEDCode.LLOne", "QEDCode.LLOne\QEDCode.LLOne.csproj", "{8F73580C-32E8-4AE6-BAAC-469DE4FEDF8F}"
EndProject
Project("{FAE04EC0-301F-11D3-BF4B-00C04F79EFBC}") = "Reversi.GameModel.ExternalDSL", "Reversi.GameModel.ExternalDSL\Reversi.GameModel.ExternalDSL.csproj", "{544FD7AB-EF50-47AF-B90C-7DF694B763C2}"
EndProject
Global
	GlobalSection(TeamFoundationVersionControl) = preSolution
		SccNumberOfProjects = 20
		SccEnterpriseProvider = {4CA58AB2-18FA-4F8D-95D4-32DDF27D184C}
		SccTeamFoundationServer = https://tfs10.codeplex.com/
		SccLocalPath0 = .
		SccProjectUniqueName1 = UpdateControls.Correspondence.UnitTest\\UpdateControls.Correspondence.UnitTest.csproj
		SccProjectName1 = UpdateControls.Correspondence.UnitTest
		SccLocalPath1 = UpdateControls.Correspondence.UnitTest
		SccProjectUniqueName2 = UpdateControls.Correspondence\\UpdateControls.Correspondence.csproj
		SccProjectName2 = UpdateControls.Correspondence
		SccLocalPath2 = UpdateControls.Correspondence
		SccProjectUniqueName3 = UpdateControls.Correspondence.SSCE\\UpdateControls.Correspondence.SSCE.csproj
		SccProjectName3 = UpdateControls.Correspondence.SSCE
		SccLocalPath3 = UpdateControls.Correspondence.SSCE
		SccProjectUniqueName4 = UpdateControls.Correspondence.Memory\\UpdateControls.Correspondence.Memory.csproj
		SccProjectName4 = UpdateControls.Correspondence.Memory
		SccLocalPath4 = UpdateControls.Correspondence.Memory
		SccProjectUniqueName5 = UpdateControls.Correspondence.Rebuild\\UpdateControls.Correspondence.Rebuild.csproj
		SccProjectName5 = UpdateControls.Correspondence.Rebuild
		SccLocalPath5 = UpdateControls.Correspondence.Rebuild
		SccProjectUniqueName6 = GameModel\\GameModel.csproj
		SccProjectName6 = GameModel
		SccLocalPath6 = GameModel
		SccProjectUniqueName7 = GameService\\GameService.csproj
		SccProjectName7 = GameService
		SccLocalPath7 = GameService
		SccProjectUniqueName8 = Predassert\\Predassert.csproj
		SccProjectName8 = Predassert
		SccLocalPath8 = Predassert
		SccProjectUniqueName9 = UpdateControls.Correspondence.WebServiceClient\\UpdateControls.Correspondence.WebServiceClient.csproj
		SccProjectName9 = UpdateControls.Correspondence.WebServiceClient
		SccLocalPath9 = UpdateControls.Correspondence.WebServiceClient
		SccProjectUniqueName10 = UpdateControls.Correspondence.WebService.Contract\\UpdateControls.Correspondence.WebService.Contract.csproj
		SccProjectName10 = UpdateControls.Correspondence.WebService.Contract
		SccLocalPath10 = UpdateControls.Correspondence.WebService.Contract
		SccProjectUniqueName11 = Reversi.GameLogic\\Reversi.GameLogic.csproj
		SccProjectName11 = Reversi.GameLogic
		SccLocalPath11 = Reversi.GameLogic
		SccProjectUniqueName12 = Reversi.GameLogic.UnitTest\\Reversi.GameLogic.UnitTest.csproj
		SccProjectName12 = Reversi.GameLogic.UnitTest
		SccLocalPath12 = Reversi.GameLogic.UnitTest
		SccProjectUniqueName13 = Reversi.Client\\Reversi.Client.csproj
		SccProjectName13 = Reversi.Client
		SccLocalPath13 = Reversi.Client
		SccProjectUniqueName14 = Reversi.GameQueueService\\Reversi.GameQueueService.csproj
		SccProjectName14 = Reversi.GameQueueService
		SccLocalPath14 = Reversi.GameQueueService
		SccProjectUniqueName15 = Reversi.Setup\\Reversi.Setup.vdproj
		SccProjectName15 = Reversi.Setup
		SccLocalPath15 = Reversi.Setup
		SccProjectUniqueName16 = UpdateControls.Correspondence.Factual\\UpdateControls.Correspondence.Factual.csproj
		SccProjectName16 = UpdateControls.Correspondence.Factual
		SccLocalPath16 = UpdateControls.Correspondence.Factual
		SccProjectUniqueName17 = UpdateControls.Correspondence.Factual.UnitTest\\UpdateControls.Correspondence.Factual.UnitTest.csproj
		SccProjectName17 = UpdateControls.Correspondence.Factual.UnitTest
		SccLocalPath17 = UpdateControls.Correspondence.Factual.UnitTest
		SccProjectUniqueName18 = QEDCode.LLOne\\QEDCode.LLOne.csproj
		SccProjectName18 = QEDCode.LLOne
		SccLocalPath18 = QEDCode.LLOne
		SccProjectUniqueName19 = Reversi.GameModel.ExternalDSL\\Reversi.GameModel.ExternalDSL.csproj
		SccProjectName19 = Reversi.GameModel.ExternalDSL
		SccLocalPath19 = Reversi.GameModel.ExternalDSL
	EndGlobalSection
	GlobalSection(TestCaseManagementSettings) = postSolution
		CategoryFile = Correspondence.vsmdi
	EndGlobalSection
	GlobalSection(SolutionConfigurationPlatforms) = preSolution
		Debug|Any CPU = Debug|Any CPU
		Release|Any CPU = Release|Any CPU
	EndGlobalSection
	GlobalSection(ProjectConfigurationPlatforms) = postSolution
		{8A2EE5D2-BFAB-4DA6-9F1B-AD5645329313}.Debug|Any CPU.ActiveCfg = Debug|Any CPU
		{8A2EE5D2-BFAB-4DA6-9F1B-AD5645329313}.Debug|Any CPU.Build.0 = Debug|Any CPU
		{8A2EE5D2-BFAB-4DA6-9F1B-AD5645329313}.Release|Any CPU.ActiveCfg = Release|Any CPU
		{8A2EE5D2-BFAB-4DA6-9F1B-AD5645329313}.Release|Any CPU.Build.0 = Release|Any CPU
		{04178710-8BE6-416F-9D41-909258CDE242}.Debug|Any CPU.ActiveCfg = Debug|Any CPU
		{04178710-8BE6-416F-9D41-909258CDE242}.Debug|Any CPU.Build.0 = Debug|Any CPU
		{04178710-8BE6-416F-9D41-909258CDE242}.Release|Any CPU.ActiveCfg = Release|Any CPU
		{04178710-8BE6-416F-9D41-909258CDE242}.Release|Any CPU.Build.0 = Release|Any CPU
		{A418955B-D3B5-4F05-A1A2-7864E92B6C4F}.Debug|Any CPU.ActiveCfg = Debug|Any CPU
		{A418955B-D3B5-4F05-A1A2-7864E92B6C4F}.Debug|Any CPU.Build.0 = Debug|Any CPU
		{A418955B-D3B5-4F05-A1A2-7864E92B6C4F}.Release|Any CPU.ActiveCfg = Release|Any CPU
		{A418955B-D3B5-4F05-A1A2-7864E92B6C4F}.Release|Any CPU.Build.0 = Release|Any CPU
		{E318C58A-0EB8-4FFB-9547-DD5F73760989}.Debug|Any CPU.ActiveCfg = Debug|Any CPU
		{E318C58A-0EB8-4FFB-9547-DD5F73760989}.Debug|Any CPU.Build.0 = Debug|Any CPU
		{E318C58A-0EB8-4FFB-9547-DD5F73760989}.Release|Any CPU.ActiveCfg = Release|Any CPU
		{E318C58A-0EB8-4FFB-9547-DD5F73760989}.Release|Any CPU.Build.0 = Release|Any CPU
		{4D0E4C15-A2AD-456D-BCF3-496EBB20E76B}.Debug|Any CPU.ActiveCfg = Debug|Any CPU
		{4D0E4C15-A2AD-456D-BCF3-496EBB20E76B}.Debug|Any CPU.Build.0 = Debug|Any CPU
		{4D0E4C15-A2AD-456D-BCF3-496EBB20E76B}.Release|Any CPU.ActiveCfg = Release|Any CPU
		{4D0E4C15-A2AD-456D-BCF3-496EBB20E76B}.Release|Any CPU.Build.0 = Release|Any CPU
		{659D7839-99B0-46C4-A7AB-4B9721428E76}.Debug|Any CPU.ActiveCfg = Debug|Any CPU
		{659D7839-99B0-46C4-A7AB-4B9721428E76}.Debug|Any CPU.Build.0 = Debug|Any CPU
		{659D7839-99B0-46C4-A7AB-4B9721428E76}.Release|Any CPU.ActiveCfg = Release|Any CPU
		{659D7839-99B0-46C4-A7AB-4B9721428E76}.Release|Any CPU.Build.0 = Release|Any CPU
		{0860F066-2CD9-4DE3-BB0C-6E6638B0A84A}.Debug|Any CPU.ActiveCfg = Debug|Any CPU
		{0860F066-2CD9-4DE3-BB0C-6E6638B0A84A}.Debug|Any CPU.Build.0 = Debug|Any CPU
		{0860F066-2CD9-4DE3-BB0C-6E6638B0A84A}.Release|Any CPU.ActiveCfg = Release|Any CPU
		{0860F066-2CD9-4DE3-BB0C-6E6638B0A84A}.Release|Any CPU.Build.0 = Release|Any CPU
		{6D277F24-3DF5-4DCE-9CEA-22ED68ADEBE1}.Debug|Any CPU.ActiveCfg = Debug|Any CPU
		{6D277F24-3DF5-4DCE-9CEA-22ED68ADEBE1}.Debug|Any CPU.Build.0 = Debug|Any CPU
		{6D277F24-3DF5-4DCE-9CEA-22ED68ADEBE1}.Release|Any CPU.ActiveCfg = Release|Any CPU
		{6D277F24-3DF5-4DCE-9CEA-22ED68ADEBE1}.Release|Any CPU.Build.0 = Release|Any CPU
		{6B3FD9E5-3D50-4DD8-9656-F9B9F1EB138D}.Debug|Any CPU.ActiveCfg = Debug|Any CPU
		{6B3FD9E5-3D50-4DD8-9656-F9B9F1EB138D}.Debug|Any CPU.Build.0 = Debug|Any CPU
		{6B3FD9E5-3D50-4DD8-9656-F9B9F1EB138D}.Release|Any CPU.ActiveCfg = Release|Any CPU
		{6B3FD9E5-3D50-4DD8-9656-F9B9F1EB138D}.Release|Any CPU.Build.0 = Release|Any CPU
		{FA94B34D-4D02-41B8-811F-2DC47CE5CFE8}.Debug|Any CPU.ActiveCfg = Debug|Any CPU
		{FA94B34D-4D02-41B8-811F-2DC47CE5CFE8}.Debug|Any CPU.Build.0 = Debug|Any CPU
		{FA94B34D-4D02-41B8-811F-2DC47CE5CFE8}.Release|Any CPU.ActiveCfg = Release|Any CPU
		{FA94B34D-4D02-41B8-811F-2DC47CE5CFE8}.Release|Any CPU.Build.0 = Release|Any CPU
		{F476A28A-9EC0-44FC-B67C-D532B6FD8CAF}.Debug|Any CPU.ActiveCfg = Debug|Any CPU
		{F476A28A-9EC0-44FC-B67C-D532B6FD8CAF}.Debug|Any CPU.Build.0 = Debug|Any CPU
		{F476A28A-9EC0-44FC-B67C-D532B6FD8CAF}.Release|Any CPU.ActiveCfg = Release|Any CPU
		{F476A28A-9EC0-44FC-B67C-D532B6FD8CAF}.Release|Any CPU.Build.0 = Release|Any CPU
		{15C2C87D-3996-480B-8576-1E04C20B1D09}.Debug|Any CPU.ActiveCfg = Debug|Any CPU
		{15C2C87D-3996-480B-8576-1E04C20B1D09}.Debug|Any CPU.Build.0 = Debug|Any CPU
		{15C2C87D-3996-480B-8576-1E04C20B1D09}.Release|Any CPU.ActiveCfg = Release|Any CPU
		{15C2C87D-3996-480B-8576-1E04C20B1D09}.Release|Any CPU.Build.0 = Release|Any CPU
		{975FCB20-5E93-42E0-AE11-F8EFDBBD5F89}.Debug|Any CPU.ActiveCfg = Debug|Any CPU
		{975FCB20-5E93-42E0-AE11-F8EFDBBD5F89}.Debug|Any CPU.Build.0 = Debug|Any CPU
		{975FCB20-5E93-42E0-AE11-F8EFDBBD5F89}.Release|Any CPU.ActiveCfg = Release|Any CPU
		{975FCB20-5E93-42E0-AE11-F8EFDBBD5F89}.Release|Any CPU.Build.0 = Release|Any CPU
		{C1E396FB-6744-4400-BF30-07699D4F2DCF}.Debug|Any CPU.ActiveCfg = Debug|Any CPU
		{C1E396FB-6744-4400-BF30-07699D4F2DCF}.Debug|Any CPU.Build.0 = Debug|Any CPU
		{C1E396FB-6744-4400-BF30-07699D4F2DCF}.Release|Any CPU.ActiveCfg = Release|Any CPU
		{C1E396FB-6744-4400-BF30-07699D4F2DCF}.Release|Any CPU.Build.0 = Release|Any CPU
		{801336D1-AA19-4F8C-AB10-92762162518F}.Debug|Any CPU.ActiveCfg = Debug
		{801336D1-AA19-4F8C-AB10-92762162518F}.Release|Any CPU.ActiveCfg = Release
		{5DE5E950-C19C-4588-80EC-5C60A50D352C}.Debug|Any CPU.ActiveCfg = Debug|Any CPU
		{5DE5E950-C19C-4588-80EC-5C60A50D352C}.Debug|Any CPU.Build.0 = Debug|Any CPU
		{5DE5E950-C19C-4588-80EC-5C60A50D352C}.Release|Any CPU.ActiveCfg = Release|Any CPU
		{5DE5E950-C19C-4588-80EC-5C60A50D352C}.Release|Any CPU.Build.0 = Release|Any CPU
		{B1246571-0BC0-4B06-A5AE-6C3989E8903C}.Debug|Any CPU.ActiveCfg = Debug|Any CPU
		{B1246571-0BC0-4B06-A5AE-6C3989E8903C}.Debug|Any CPU.Build.0 = Debug|Any CPU
		{B1246571-0BC0-4B06-A5AE-6C3989E8903C}.Release|Any CPU.ActiveCfg = Release|Any CPU
		{B1246571-0BC0-4B06-A5AE-6C3989E8903C}.Release|Any CPU.Build.0 = Release|Any CPU
		{8F73580C-32E8-4AE6-BAAC-469DE4FEDF8F}.Debug|Any CPU.ActiveCfg = Debug|Any CPU
		{8F73580C-32E8-4AE6-BAAC-469DE4FEDF8F}.Debug|Any CPU.Build.0 = Debug|Any CPU
		{8F73580C-32E8-4AE6-BAAC-469DE4FEDF8F}.Release|Any CPU.ActiveCfg = Release|Any CPU
		{8F73580C-32E8-4AE6-BAAC-469DE4FEDF8F}.Release|Any CPU.Build.0 = Release|Any CPU
		{544FD7AB-EF50-47AF-B90C-7DF694B763C2}.Debug|Any CPU.ActiveCfg = Debug|Any CPU
		{544FD7AB-EF50-47AF-B90C-7DF694B763C2}.Debug|Any CPU.Build.0 = Debug|Any CPU
		{544FD7AB-EF50-47AF-B90C-7DF694B763C2}.Release|Any CPU.ActiveCfg = Release|Any CPU
		{544FD7AB-EF50-47AF-B90C-7DF694B763C2}.Release|Any CPU.Build.0 = Release|Any CPU
	EndGlobalSection
	GlobalSection(SolutionProperties) = preSolution
		HideSolutionNode = FALSE
	EndGlobalSection
EndGlobal
