
Microsoft Visual Studio Solution File, Format Version 12.00
# Visual Studio 2012
Project("{FAE04EC0-301F-11D3-BF4B-00C04F79EFBC}") = "UpdateControls.Correspondence", "UpdateControls.Correspondence\UpdateControls.Correspondence.csproj", "{8CA9E44C-1CD6-4736-AEEF-BF0DA059AC6B}"
EndProject
Project("{FAE04EC0-301F-11D3-BF4B-00C04F79EFBC}") = "UpdateControls.Correspondence.Memory", "UpdateControls.Correspondence.Memory\UpdateControls.Correspondence.Memory.csproj", "{9F6489EE-968F-46C6-8C6F-2A7A1C9D9889}"
EndProject
Project("{FAE04EC0-301F-11D3-BF4B-00C04F79EFBC}") = "UpdateControls.Correspondence.UnitTest", "UpdateControls.Correspondence.UnitTest\UpdateControls.Correspondence.UnitTest.csproj", "{343D98A6-77CA-451D-B0DA-FB8ADA46D1C8}"
EndProject
Project("{FAE04EC0-301F-11D3-BF4B-00C04F79EFBC}") = "Predassert", "Predassert\Predassert.csproj", "{B81E5910-98BB-49A1-A2BD-5B68C16C7B7E}"
EndProject
Project("{2150E333-8FDC-42A3-9474-1A3956D46DE8}") = ".nuget", ".nuget", "{D5583A3C-4628-412D-A2FC-24FFFA07AF26}"
	ProjectSection(SolutionItems) = preProject
		.nuget\NuGet.Config = .nuget\NuGet.Config
		.nuget\NuGet.exe = .nuget\NuGet.exe
		.nuget\NuGet.targets = .nuget\NuGet.targets
	EndProjectSection
EndProject
Project("{FAE04EC0-301F-11D3-BF4B-00C04F79EFBC}") = "UpdateControls.Correspondence.BinaryHTTPClient", "UpdateControls.Correspondence.BinaryHTTPClient\UpdateControls.Correspondence.BinaryHTTPClient.csproj", "{92BB8962-2835-4F9B-8883-8694CFB58122}"
EndProject
Project("{FAE04EC0-301F-11D3-BF4B-00C04F79EFBC}") = "Multinotes", "Multinotes\Multinotes.csproj", "{1A617083-0013-41C1-B4DC-CCCD7C972B01}"
EndProject
Project("{FAE04EC0-301F-11D3-BF4B-00C04F79EFBC}") = "UpdateControls.Correspondence.FileStream", "UpdateControls.Correspondence.FileStream\UpdateControls.Correspondence.FileStream.csproj", "{84F04656-F0E6-4D6C-8EFA-6B72877174A8}"
EndProject
Project("{FAE04EC0-301F-11D3-BF4B-00C04F79EFBC}") = "UpdateControls.Correspondence.Data", "UpdateControls.Correspondence.Data\UpdateControls.Correspondence.Data.csproj", "{2B257B46-9991-43BC-8F26-6B6967E32D8F}"
EndProject
Project("{FAE04EC0-301F-11D3-BF4B-00C04F79EFBC}") = "UpdateControls.Correspondence.BinaryHTTPClient.Notification", "UpdateControls.Correspondence.BinaryHTTPClient.Notifications\UpdateControls.Correspondence.BinaryHTTPClient.Notification.csproj", "{5FA51928-965B-42A8-9107-9EF2F08239ED}"
EndProject
Project("{FAE04EC0-301F-11D3-BF4B-00C04F79EFBC}") = "UpdateControls.Correspondence.PerformanceTest", "UpdateControls.Correspondence.PerformanceTest\UpdateControls.Correspondence.PerformanceTest.csproj", "{DE434555-BC42-4E26-B301-FF8F9A494230}"
EndProject
Project("{FAE04EC0-301F-11D3-BF4B-00C04F79EFBC}") = "UpdateControls.Correspondence.Performance", "UpdateControls.Correspondence.Performance\UpdateControls.Correspondence.Performance.csproj", "{01837523-D92E-4C6D-AD89-DFA807793744}"
EndProject
Global
	GlobalSection(TeamFoundationVersionControl) = preSolution
		SccNumberOfProjects = 12
		SccEnterpriseProvider = {4CA58AB2-18FA-4F8D-95D4-32DDF27D184C}
		SccTeamFoundationServer = https://tfs.codeplex.com/tfs/tfs10
		SccLocalPath0 = .
		SccProjectUniqueName1 = Predassert\\Predassert.csproj
		SccProjectName1 = Predassert
		SccLocalPath1 = Predassert
		SccProjectUniqueName2 = UpdateControls.Correspondence.Memory\\UpdateControls.Correspondence.Memory.csproj
		SccProjectName2 = UpdateControls.Correspondence.Memory
		SccLocalPath2 = UpdateControls.Correspondence.Memory
		SccProjectUniqueName3 = UpdateControls.Correspondence.UnitTest\\UpdateControls.Correspondence.UnitTest.csproj
		SccProjectName3 = UpdateControls.Correspondence.UnitTest
		SccLocalPath3 = UpdateControls.Correspondence.UnitTest
		SccProjectUniqueName4 = UpdateControls.Correspondence\\UpdateControls.Correspondence.csproj
		SccProjectName4 = UpdateControls.Correspondence
		SccLocalPath4 = UpdateControls.Correspondence
		SccProjectUniqueName5 = UpdateControls.Correspondence.BinaryHTTPClient\\UpdateControls.Correspondence.BinaryHTTPClient.csproj
		SccProjectName5 = UpdateControls.Correspondence.BinaryHTTPClient
		SccLocalPath5 = UpdateControls.Correspondence.BinaryHTTPClient
		SccProjectUniqueName6 = Multinotes\\Multinotes.csproj
		SccProjectName6 = Multinotes
		SccLocalPath6 = Multinotes
		SccProjectUniqueName7 = UpdateControls.Correspondence.FileStream\\UpdateControls.Correspondence.FileStream.csproj
		SccProjectName7 = UpdateControls.Correspondence.FileStream
		SccLocalPath7 = UpdateControls.Correspondence.FileStream
		SccProjectUniqueName8 = UpdateControls.Correspondence.Data\\UpdateControls.Correspondence.Data.csproj
		SccProjectName8 = UpdateControls.Correspondence.Data
		SccLocalPath8 = UpdateControls.Correspondence.Data
		SccProjectUniqueName9 = UpdateControls.Correspondence.BinaryHTTPClient.Notifications\\UpdateControls.Correspondence.BinaryHTTPClient.Notification.csproj
		SccProjectName9 = UpdateControls.Correspondence.BinaryHTTPClient.Notifications
		SccLocalPath9 = UpdateControls.Correspondence.BinaryHTTPClient.Notifications
		SccProjectUniqueName10 = UpdateControls.Correspondence.PerformanceTest\\UpdateControls.Correspondence.PerformanceTest.csproj
		SccProjectName10 = UpdateControls.Correspondence.PerformanceTest
		SccLocalPath10 = UpdateControls.Correspondence.PerformanceTest
		SccProjectUniqueName11 = UpdateControls.Correspondence.Performance\\UpdateControls.Correspondence.Performance.csproj
		SccProjectName11 = UpdateControls.Correspondence.Performance
		SccLocalPath11 = UpdateControls.Correspondence.Performance
	EndGlobalSection
	GlobalSection(SolutionConfigurationPlatforms) = preSolution
		Debug|Any CPU = Debug|Any CPU
		Debug|ARM = Debug|ARM
		Debug|x64 = Debug|x64
		Debug|x86 = Debug|x86
		Release|Any CPU = Release|Any CPU
		Release|ARM = Release|ARM
		Release|x64 = Release|x64
		Release|x86 = Release|x86
	EndGlobalSection
	GlobalSection(ProjectConfigurationPlatforms) = postSolution
		{8CA9E44C-1CD6-4736-AEEF-BF0DA059AC6B}.Debug|Any CPU.ActiveCfg = Debug|Any CPU
		{8CA9E44C-1CD6-4736-AEEF-BF0DA059AC6B}.Debug|Any CPU.Build.0 = Debug|Any CPU
		{8CA9E44C-1CD6-4736-AEEF-BF0DA059AC6B}.Debug|ARM.ActiveCfg = Debug|ARM
		{8CA9E44C-1CD6-4736-AEEF-BF0DA059AC6B}.Debug|ARM.Build.0 = Debug|ARM
		{8CA9E44C-1CD6-4736-AEEF-BF0DA059AC6B}.Debug|x64.ActiveCfg = Debug|x64
		{8CA9E44C-1CD6-4736-AEEF-BF0DA059AC6B}.Debug|x64.Build.0 = Debug|x64
		{8CA9E44C-1CD6-4736-AEEF-BF0DA059AC6B}.Debug|x86.ActiveCfg = Debug|x86
		{8CA9E44C-1CD6-4736-AEEF-BF0DA059AC6B}.Debug|x86.Build.0 = Debug|x86
		{8CA9E44C-1CD6-4736-AEEF-BF0DA059AC6B}.Release|Any CPU.ActiveCfg = Release|Any CPU
		{8CA9E44C-1CD6-4736-AEEF-BF0DA059AC6B}.Release|Any CPU.Build.0 = Release|Any CPU
		{8CA9E44C-1CD6-4736-AEEF-BF0DA059AC6B}.Release|ARM.ActiveCfg = Release|ARM
		{8CA9E44C-1CD6-4736-AEEF-BF0DA059AC6B}.Release|ARM.Build.0 = Release|ARM
		{8CA9E44C-1CD6-4736-AEEF-BF0DA059AC6B}.Release|x64.ActiveCfg = Release|x64
		{8CA9E44C-1CD6-4736-AEEF-BF0DA059AC6B}.Release|x64.Build.0 = Release|x64
		{8CA9E44C-1CD6-4736-AEEF-BF0DA059AC6B}.Release|x86.ActiveCfg = Release|x86
		{8CA9E44C-1CD6-4736-AEEF-BF0DA059AC6B}.Release|x86.Build.0 = Release|x86
		{9F6489EE-968F-46C6-8C6F-2A7A1C9D9889}.Debug|Any CPU.ActiveCfg = Debug|Any CPU
		{9F6489EE-968F-46C6-8C6F-2A7A1C9D9889}.Debug|Any CPU.Build.0 = Debug|Any CPU
		{9F6489EE-968F-46C6-8C6F-2A7A1C9D9889}.Debug|ARM.ActiveCfg = Debug|ARM
		{9F6489EE-968F-46C6-8C6F-2A7A1C9D9889}.Debug|ARM.Build.0 = Debug|ARM
		{9F6489EE-968F-46C6-8C6F-2A7A1C9D9889}.Debug|x64.ActiveCfg = Debug|x64
		{9F6489EE-968F-46C6-8C6F-2A7A1C9D9889}.Debug|x64.Build.0 = Debug|x64
		{9F6489EE-968F-46C6-8C6F-2A7A1C9D9889}.Debug|x86.ActiveCfg = Debug|x86
		{9F6489EE-968F-46C6-8C6F-2A7A1C9D9889}.Debug|x86.Build.0 = Debug|x86
		{9F6489EE-968F-46C6-8C6F-2A7A1C9D9889}.Release|Any CPU.ActiveCfg = Release|Any CPU
		{9F6489EE-968F-46C6-8C6F-2A7A1C9D9889}.Release|Any CPU.Build.0 = Release|Any CPU
		{9F6489EE-968F-46C6-8C6F-2A7A1C9D9889}.Release|ARM.ActiveCfg = Release|ARM
		{9F6489EE-968F-46C6-8C6F-2A7A1C9D9889}.Release|ARM.Build.0 = Release|ARM
		{9F6489EE-968F-46C6-8C6F-2A7A1C9D9889}.Release|x64.ActiveCfg = Release|x64
		{9F6489EE-968F-46C6-8C6F-2A7A1C9D9889}.Release|x64.Build.0 = Release|x64
		{9F6489EE-968F-46C6-8C6F-2A7A1C9D9889}.Release|x86.ActiveCfg = Release|x86
		{9F6489EE-968F-46C6-8C6F-2A7A1C9D9889}.Release|x86.Build.0 = Release|x86
		{343D98A6-77CA-451D-B0DA-FB8ADA46D1C8}.Debug|Any CPU.ActiveCfg = Debug|Any CPU
		{343D98A6-77CA-451D-B0DA-FB8ADA46D1C8}.Debug|ARM.ActiveCfg = Debug|ARM
		{343D98A6-77CA-451D-B0DA-FB8ADA46D1C8}.Debug|ARM.Build.0 = Debug|ARM
		{343D98A6-77CA-451D-B0DA-FB8ADA46D1C8}.Debug|ARM.Deploy.0 = Debug|ARM
		{343D98A6-77CA-451D-B0DA-FB8ADA46D1C8}.Debug|x64.ActiveCfg = Debug|x64
		{343D98A6-77CA-451D-B0DA-FB8ADA46D1C8}.Debug|x64.Build.0 = Debug|x64
		{343D98A6-77CA-451D-B0DA-FB8ADA46D1C8}.Debug|x64.Deploy.0 = Debug|x64
		{343D98A6-77CA-451D-B0DA-FB8ADA46D1C8}.Debug|x86.ActiveCfg = Debug|x86
		{343D98A6-77CA-451D-B0DA-FB8ADA46D1C8}.Debug|x86.Build.0 = Debug|x86
		{343D98A6-77CA-451D-B0DA-FB8ADA46D1C8}.Debug|x86.Deploy.0 = Debug|x86
		{343D98A6-77CA-451D-B0DA-FB8ADA46D1C8}.Release|Any CPU.ActiveCfg = Release|Any CPU
		{343D98A6-77CA-451D-B0DA-FB8ADA46D1C8}.Release|Any CPU.Build.0 = Release|Any CPU
		{343D98A6-77CA-451D-B0DA-FB8ADA46D1C8}.Release|Any CPU.Deploy.0 = Release|Any CPU
		{343D98A6-77CA-451D-B0DA-FB8ADA46D1C8}.Release|ARM.ActiveCfg = Release|ARM
		{343D98A6-77CA-451D-B0DA-FB8ADA46D1C8}.Release|ARM.Build.0 = Release|ARM
		{343D98A6-77CA-451D-B0DA-FB8ADA46D1C8}.Release|ARM.Deploy.0 = Release|ARM
		{343D98A6-77CA-451D-B0DA-FB8ADA46D1C8}.Release|x64.ActiveCfg = Release|x64
		{343D98A6-77CA-451D-B0DA-FB8ADA46D1C8}.Release|x64.Build.0 = Release|x64
		{343D98A6-77CA-451D-B0DA-FB8ADA46D1C8}.Release|x64.Deploy.0 = Release|x64
		{343D98A6-77CA-451D-B0DA-FB8ADA46D1C8}.Release|x86.ActiveCfg = Release|x86
		{343D98A6-77CA-451D-B0DA-FB8ADA46D1C8}.Release|x86.Build.0 = Release|x86
		{343D98A6-77CA-451D-B0DA-FB8ADA46D1C8}.Release|x86.Deploy.0 = Release|x86
		{B81E5910-98BB-49A1-A2BD-5B68C16C7B7E}.Debug|Any CPU.ActiveCfg = Debug|Any CPU
		{B81E5910-98BB-49A1-A2BD-5B68C16C7B7E}.Debug|Any CPU.Build.0 = Debug|Any CPU
		{B81E5910-98BB-49A1-A2BD-5B68C16C7B7E}.Debug|ARM.ActiveCfg = Debug|ARM
		{B81E5910-98BB-49A1-A2BD-5B68C16C7B7E}.Debug|ARM.Build.0 = Debug|ARM
		{B81E5910-98BB-49A1-A2BD-5B68C16C7B7E}.Debug|x64.ActiveCfg = Debug|x64
		{B81E5910-98BB-49A1-A2BD-5B68C16C7B7E}.Debug|x64.Build.0 = Debug|x64
		{B81E5910-98BB-49A1-A2BD-5B68C16C7B7E}.Debug|x86.ActiveCfg = Debug|x86
		{B81E5910-98BB-49A1-A2BD-5B68C16C7B7E}.Debug|x86.Build.0 = Debug|x86
		{B81E5910-98BB-49A1-A2BD-5B68C16C7B7E}.Release|Any CPU.ActiveCfg = Release|Any CPU
		{B81E5910-98BB-49A1-A2BD-5B68C16C7B7E}.Release|Any CPU.Build.0 = Release|Any CPU
		{B81E5910-98BB-49A1-A2BD-5B68C16C7B7E}.Release|ARM.ActiveCfg = Release|ARM
		{B81E5910-98BB-49A1-A2BD-5B68C16C7B7E}.Release|ARM.Build.0 = Release|ARM
		{B81E5910-98BB-49A1-A2BD-5B68C16C7B7E}.Release|x64.ActiveCfg = Release|x64
		{B81E5910-98BB-49A1-A2BD-5B68C16C7B7E}.Release|x64.Build.0 = Release|x64
		{B81E5910-98BB-49A1-A2BD-5B68C16C7B7E}.Release|x86.ActiveCfg = Release|x86
		{B81E5910-98BB-49A1-A2BD-5B68C16C7B7E}.Release|x86.Build.0 = Release|x86
		{92BB8962-2835-4F9B-8883-8694CFB58122}.Debug|Any CPU.ActiveCfg = Debug|Any CPU
		{92BB8962-2835-4F9B-8883-8694CFB58122}.Debug|Any CPU.Build.0 = Debug|Any CPU
		{92BB8962-2835-4F9B-8883-8694CFB58122}.Debug|ARM.ActiveCfg = Debug|ARM
		{92BB8962-2835-4F9B-8883-8694CFB58122}.Debug|ARM.Build.0 = Debug|ARM
		{92BB8962-2835-4F9B-8883-8694CFB58122}.Debug|x64.ActiveCfg = Debug|x64
		{92BB8962-2835-4F9B-8883-8694CFB58122}.Debug|x64.Build.0 = Debug|x64
		{92BB8962-2835-4F9B-8883-8694CFB58122}.Debug|x86.ActiveCfg = Debug|x86
		{92BB8962-2835-4F9B-8883-8694CFB58122}.Debug|x86.Build.0 = Debug|x86
		{92BB8962-2835-4F9B-8883-8694CFB58122}.Release|Any CPU.ActiveCfg = Release|Any CPU
		{92BB8962-2835-4F9B-8883-8694CFB58122}.Release|Any CPU.Build.0 = Release|Any CPU
		{92BB8962-2835-4F9B-8883-8694CFB58122}.Release|ARM.ActiveCfg = Release|ARM
		{92BB8962-2835-4F9B-8883-8694CFB58122}.Release|ARM.Build.0 = Release|ARM
		{92BB8962-2835-4F9B-8883-8694CFB58122}.Release|x64.ActiveCfg = Release|x64
		{92BB8962-2835-4F9B-8883-8694CFB58122}.Release|x64.Build.0 = Release|x64
		{92BB8962-2835-4F9B-8883-8694CFB58122}.Release|x86.ActiveCfg = Release|x86
		{92BB8962-2835-4F9B-8883-8694CFB58122}.Release|x86.Build.0 = Release|x86
		{1A617083-0013-41C1-B4DC-CCCD7C972B01}.Debug|Any CPU.ActiveCfg = Debug|Any CPU
		{1A617083-0013-41C1-B4DC-CCCD7C972B01}.Debug|Any CPU.Build.0 = Debug|Any CPU
		{1A617083-0013-41C1-B4DC-CCCD7C972B01}.Debug|Any CPU.Deploy.0 = Debug|Any CPU
		{1A617083-0013-41C1-B4DC-CCCD7C972B01}.Debug|ARM.ActiveCfg = Debug|ARM
		{1A617083-0013-41C1-B4DC-CCCD7C972B01}.Debug|ARM.Build.0 = Debug|ARM
		{1A617083-0013-41C1-B4DC-CCCD7C972B01}.Debug|ARM.Deploy.0 = Debug|ARM
		{1A617083-0013-41C1-B4DC-CCCD7C972B01}.Debug|x64.ActiveCfg = Debug|x64
		{1A617083-0013-41C1-B4DC-CCCD7C972B01}.Debug|x64.Build.0 = Debug|x64
		{1A617083-0013-41C1-B4DC-CCCD7C972B01}.Debug|x64.Deploy.0 = Debug|x64
		{1A617083-0013-41C1-B4DC-CCCD7C972B01}.Debug|x86.ActiveCfg = Debug|x86
		{1A617083-0013-41C1-B4DC-CCCD7C972B01}.Debug|x86.Build.0 = Debug|x86
		{1A617083-0013-41C1-B4DC-CCCD7C972B01}.Debug|x86.Deploy.0 = Debug|x86
		{1A617083-0013-41C1-B4DC-CCCD7C972B01}.Release|Any CPU.ActiveCfg = Release|Any CPU
		{1A617083-0013-41C1-B4DC-CCCD7C972B01}.Release|Any CPU.Build.0 = Release|Any CPU
		{1A617083-0013-41C1-B4DC-CCCD7C972B01}.Release|Any CPU.Deploy.0 = Release|Any CPU
		{1A617083-0013-41C1-B4DC-CCCD7C972B01}.Release|ARM.ActiveCfg = Release|ARM
		{1A617083-0013-41C1-B4DC-CCCD7C972B01}.Release|ARM.Build.0 = Release|ARM
		{1A617083-0013-41C1-B4DC-CCCD7C972B01}.Release|ARM.Deploy.0 = Release|ARM
		{1A617083-0013-41C1-B4DC-CCCD7C972B01}.Release|x64.ActiveCfg = Release|x64
		{1A617083-0013-41C1-B4DC-CCCD7C972B01}.Release|x64.Build.0 = Release|x64
		{1A617083-0013-41C1-B4DC-CCCD7C972B01}.Release|x64.Deploy.0 = Release|x64
		{1A617083-0013-41C1-B4DC-CCCD7C972B01}.Release|x86.ActiveCfg = Release|x86
		{1A617083-0013-41C1-B4DC-CCCD7C972B01}.Release|x86.Build.0 = Release|x86
		{1A617083-0013-41C1-B4DC-CCCD7C972B01}.Release|x86.Deploy.0 = Release|x86
		{84F04656-F0E6-4D6C-8EFA-6B72877174A8}.Debug|Any CPU.ActiveCfg = Debug|Any CPU
		{84F04656-F0E6-4D6C-8EFA-6B72877174A8}.Debug|Any CPU.Build.0 = Debug|Any CPU
		{84F04656-F0E6-4D6C-8EFA-6B72877174A8}.Debug|ARM.ActiveCfg = Debug|ARM
		{84F04656-F0E6-4D6C-8EFA-6B72877174A8}.Debug|ARM.Build.0 = Debug|ARM
		{84F04656-F0E6-4D6C-8EFA-6B72877174A8}.Debug|x64.ActiveCfg = Debug|x64
		{84F04656-F0E6-4D6C-8EFA-6B72877174A8}.Debug|x64.Build.0 = Debug|x64
		{84F04656-F0E6-4D6C-8EFA-6B72877174A8}.Debug|x86.ActiveCfg = Debug|x86
		{84F04656-F0E6-4D6C-8EFA-6B72877174A8}.Debug|x86.Build.0 = Debug|x86
		{84F04656-F0E6-4D6C-8EFA-6B72877174A8}.Release|Any CPU.ActiveCfg = Release|Any CPU
		{84F04656-F0E6-4D6C-8EFA-6B72877174A8}.Release|Any CPU.Build.0 = Release|Any CPU
		{84F04656-F0E6-4D6C-8EFA-6B72877174A8}.Release|ARM.ActiveCfg = Release|ARM
		{84F04656-F0E6-4D6C-8EFA-6B72877174A8}.Release|ARM.Build.0 = Release|ARM
		{84F04656-F0E6-4D6C-8EFA-6B72877174A8}.Release|x64.ActiveCfg = Release|x64
		{84F04656-F0E6-4D6C-8EFA-6B72877174A8}.Release|x64.Build.0 = Release|x64
		{84F04656-F0E6-4D6C-8EFA-6B72877174A8}.Release|x86.ActiveCfg = Release|x86
		{84F04656-F0E6-4D6C-8EFA-6B72877174A8}.Release|x86.Build.0 = Release|x86
		{2B257B46-9991-43BC-8F26-6B6967E32D8F}.Debug|Any CPU.ActiveCfg = Debug|Any CPU
		{2B257B46-9991-43BC-8F26-6B6967E32D8F}.Debug|Any CPU.Build.0 = Debug|Any CPU
		{2B257B46-9991-43BC-8F26-6B6967E32D8F}.Debug|ARM.ActiveCfg = Debug|ARM
		{2B257B46-9991-43BC-8F26-6B6967E32D8F}.Debug|ARM.Build.0 = Debug|ARM
		{2B257B46-9991-43BC-8F26-6B6967E32D8F}.Debug|x64.ActiveCfg = Debug|x64
		{2B257B46-9991-43BC-8F26-6B6967E32D8F}.Debug|x64.Build.0 = Debug|x64
		{2B257B46-9991-43BC-8F26-6B6967E32D8F}.Debug|x86.ActiveCfg = Debug|x86
		{2B257B46-9991-43BC-8F26-6B6967E32D8F}.Debug|x86.Build.0 = Debug|x86
		{2B257B46-9991-43BC-8F26-6B6967E32D8F}.Release|Any CPU.ActiveCfg = Release|Any CPU
		{2B257B46-9991-43BC-8F26-6B6967E32D8F}.Release|Any CPU.Build.0 = Release|Any CPU
		{2B257B46-9991-43BC-8F26-6B6967E32D8F}.Release|ARM.ActiveCfg = Release|ARM
		{2B257B46-9991-43BC-8F26-6B6967E32D8F}.Release|ARM.Build.0 = Release|ARM
		{2B257B46-9991-43BC-8F26-6B6967E32D8F}.Release|x64.ActiveCfg = Release|x64
		{2B257B46-9991-43BC-8F26-6B6967E32D8F}.Release|x64.Build.0 = Release|x64
		{2B257B46-9991-43BC-8F26-6B6967E32D8F}.Release|x86.ActiveCfg = Release|x86
		{2B257B46-9991-43BC-8F26-6B6967E32D8F}.Release|x86.Build.0 = Release|x86
		{5FA51928-965B-42A8-9107-9EF2F08239ED}.Debug|Any CPU.ActiveCfg = Debug|Any CPU
		{5FA51928-965B-42A8-9107-9EF2F08239ED}.Debug|Any CPU.Build.0 = Debug|Any CPU
		{5FA51928-965B-42A8-9107-9EF2F08239ED}.Debug|ARM.ActiveCfg = Debug|ARM
		{5FA51928-965B-42A8-9107-9EF2F08239ED}.Debug|ARM.Build.0 = Debug|ARM
		{5FA51928-965B-42A8-9107-9EF2F08239ED}.Debug|x64.ActiveCfg = Debug|x64
		{5FA51928-965B-42A8-9107-9EF2F08239ED}.Debug|x64.Build.0 = Debug|x64
		{5FA51928-965B-42A8-9107-9EF2F08239ED}.Debug|x86.ActiveCfg = Debug|x86
		{5FA51928-965B-42A8-9107-9EF2F08239ED}.Debug|x86.Build.0 = Debug|x86
		{5FA51928-965B-42A8-9107-9EF2F08239ED}.Release|Any CPU.ActiveCfg = Release|Any CPU
		{5FA51928-965B-42A8-9107-9EF2F08239ED}.Release|Any CPU.Build.0 = Release|Any CPU
		{5FA51928-965B-42A8-9107-9EF2F08239ED}.Release|ARM.ActiveCfg = Release|ARM
		{5FA51928-965B-42A8-9107-9EF2F08239ED}.Release|ARM.Build.0 = Release|ARM
		{5FA51928-965B-42A8-9107-9EF2F08239ED}.Release|x64.ActiveCfg = Release|x64
		{5FA51928-965B-42A8-9107-9EF2F08239ED}.Release|x64.Build.0 = Release|x64
		{5FA51928-965B-42A8-9107-9EF2F08239ED}.Release|x86.ActiveCfg = Release|x86
		{5FA51928-965B-42A8-9107-9EF2F08239ED}.Release|x86.Build.0 = Release|x86
		{DE434555-BC42-4E26-B301-FF8F9A494230}.Debug|Any CPU.ActiveCfg = Debug|Any CPU
		{DE434555-BC42-4E26-B301-FF8F9A494230}.Debug|Any CPU.Build.0 = Debug|Any CPU
		{DE434555-BC42-4E26-B301-FF8F9A494230}.Debug|ARM.ActiveCfg = Debug|ARM
		{DE434555-BC42-4E26-B301-FF8F9A494230}.Debug|ARM.Build.0 = Debug|ARM
		{DE434555-BC42-4E26-B301-FF8F9A494230}.Debug|ARM.Deploy.0 = Debug|ARM
		{DE434555-BC42-4E26-B301-FF8F9A494230}.Debug|x64.ActiveCfg = Debug|x64
		{DE434555-BC42-4E26-B301-FF8F9A494230}.Debug|x64.Build.0 = Debug|x64
		{DE434555-BC42-4E26-B301-FF8F9A494230}.Debug|x64.Deploy.0 = Debug|x64
		{DE434555-BC42-4E26-B301-FF8F9A494230}.Debug|x86.ActiveCfg = Debug|x86
		{DE434555-BC42-4E26-B301-FF8F9A494230}.Debug|x86.Build.0 = Debug|x86
		{DE434555-BC42-4E26-B301-FF8F9A494230}.Debug|x86.Deploy.0 = Debug|x86
		{DE434555-BC42-4E26-B301-FF8F9A494230}.Release|Any CPU.ActiveCfg = Release|Any CPU
		{DE434555-BC42-4E26-B301-FF8F9A494230}.Release|Any CPU.Deploy.0 = Release|Any CPU
		{DE434555-BC42-4E26-B301-FF8F9A494230}.Release|ARM.ActiveCfg = Release|ARM
		{DE434555-BC42-4E26-B301-FF8F9A494230}.Release|ARM.Build.0 = Release|ARM
		{DE434555-BC42-4E26-B301-FF8F9A494230}.Release|ARM.Deploy.0 = Release|ARM
		{DE434555-BC42-4E26-B301-FF8F9A494230}.Release|x64.ActiveCfg = Release|x64
		{DE434555-BC42-4E26-B301-FF8F9A494230}.Release|x64.Build.0 = Release|x64
		{DE434555-BC42-4E26-B301-FF8F9A494230}.Release|x64.Deploy.0 = Release|x64
		{DE434555-BC42-4E26-B301-FF8F9A494230}.Release|x86.ActiveCfg = Release|x86
		{DE434555-BC42-4E26-B301-FF8F9A494230}.Release|x86.Build.0 = Release|x86
		{DE434555-BC42-4E26-B301-FF8F9A494230}.Release|x86.Deploy.0 = Release|x86
		{01837523-D92E-4C6D-AD89-DFA807793744}.Debug|Any CPU.ActiveCfg = Debug|Any CPU
		{01837523-D92E-4C6D-AD89-DFA807793744}.Debug|Any CPU.Build.0 = Debug|Any CPU
		{01837523-D92E-4C6D-AD89-DFA807793744}.Debug|ARM.ActiveCfg = Debug|ARM
		{01837523-D92E-4C6D-AD89-DFA807793744}.Debug|ARM.Build.0 = Debug|ARM
		{01837523-D92E-4C6D-AD89-DFA807793744}.Debug|ARM.Deploy.0 = Debug|ARM
		{01837523-D92E-4C6D-AD89-DFA807793744}.Debug|x64.ActiveCfg = Debug|x64
		{01837523-D92E-4C6D-AD89-DFA807793744}.Debug|x64.Build.0 = Debug|x64
		{01837523-D92E-4C6D-AD89-DFA807793744}.Debug|x64.Deploy.0 = Debug|x64
		{01837523-D92E-4C6D-AD89-DFA807793744}.Debug|x86.ActiveCfg = Debug|x86
		{01837523-D92E-4C6D-AD89-DFA807793744}.Debug|x86.Build.0 = Debug|x86
		{01837523-D92E-4C6D-AD89-DFA807793744}.Debug|x86.Deploy.0 = Debug|x86
		{01837523-D92E-4C6D-AD89-DFA807793744}.Release|Any CPU.ActiveCfg = Release|Any CPU
		{01837523-D92E-4C6D-AD89-DFA807793744}.Release|Any CPU.Deploy.0 = Release|Any CPU
		{01837523-D92E-4C6D-AD89-DFA807793744}.Release|ARM.ActiveCfg = Release|ARM
		{01837523-D92E-4C6D-AD89-DFA807793744}.Release|ARM.Build.0 = Release|ARM
		{01837523-D92E-4C6D-AD89-DFA807793744}.Release|ARM.Deploy.0 = Release|ARM
		{01837523-D92E-4C6D-AD89-DFA807793744}.Release|x64.ActiveCfg = Release|x64
		{01837523-D92E-4C6D-AD89-DFA807793744}.Release|x64.Build.0 = Release|x64
		{01837523-D92E-4C6D-AD89-DFA807793744}.Release|x64.Deploy.0 = Release|x64
		{01837523-D92E-4C6D-AD89-DFA807793744}.Release|x86.ActiveCfg = Release|x86
		{01837523-D92E-4C6D-AD89-DFA807793744}.Release|x86.Build.0 = Release|x86
		{01837523-D92E-4C6D-AD89-DFA807793744}.Release|x86.Deploy.0 = Release|x86
	EndGlobalSection
	GlobalSection(SolutionProperties) = preSolution
		HideSolutionNode = FALSE
	EndGlobalSection
	GlobalSection(Performance) = preSolution
		HasPerformanceSessions = true
	EndGlobalSection
EndGlobal
